
Microsoft Visual Studio Solution File, Format Version 12.00
# Visual Studio Version 16
VisualStudioVersion = 16.0.30002.166
MinimumVisualStudioVersion = 10.0.40219.1
Project("{FAE04EC0-301F-11D3-BF4B-00C04F79EFBC}") = "SumMatrixElements", "SumMatrixElements\SumMatrixElements.csproj", "{84035F21-FA6F-4B34-9245-30DB0AA645BA}"
EndProject
Project("{FAE04EC0-301F-11D3-BF4B-00C04F79EFBC}") = "SumMatrixColumns", "SumMatrixColumns\SumMatrixColumns.csproj", "{820177D8-8178-4248-9832-A399C0BD1958}"
EndProject
Project("{FAE04EC0-301F-11D3-BF4B-00C04F79EFBC}") = "PrimaryDiagonal", "PrimaryDiagonal\PrimaryDiagonal.csproj", "{3F5D5911-77C3-4189-967C-99E4F00DF2D4}"
EndProject
Project("{FAE04EC0-301F-11D3-BF4B-00C04F79EFBC}") = "SymbolInMatrix", "SymbolInMatrix\SymbolInMatrix.csproj", "{035EDAE8-5F38-44FE-AFE4-801993C561BF}"
EndProject
Project("{FAE04EC0-301F-11D3-BF4B-00C04F79EFBC}") = "SquareWithMaximumSum", "SquareWithMaximumSum\SquareWithMaximumSum.csproj", "{D0CE5189-D36C-4238-9FCA-3745DBC37165}"
EndProject
Global
	GlobalSection(SolutionConfigurationPlatforms) = preSolution
		Debug|Any CPU = Debug|Any CPU
		Release|Any CPU = Release|Any CPU
	EndGlobalSection
	GlobalSection(ProjectConfigurationPlatforms) = postSolution
		{84035F21-FA6F-4B34-9245-30DB0AA645BA}.Debug|Any CPU.ActiveCfg = Debug|Any CPU
		{84035F21-FA6F-4B34-9245-30DB0AA645BA}.Debug|Any CPU.Build.0 = Debug|Any CPU
		{84035F21-FA6F-4B34-9245-30DB0AA645BA}.Release|Any CPU.ActiveCfg = Release|Any CPU
		{84035F21-FA6F-4B34-9245-30DB0AA645BA}.Release|Any CPU.Build.0 = Release|Any CPU
		{820177D8-8178-4248-9832-A399C0BD1958}.Debug|Any CPU.ActiveCfg = Debug|Any CPU
		{820177D8-8178-4248-9832-A399C0BD1958}.Debug|Any CPU.Build.0 = Debug|Any CPU
		{820177D8-8178-4248-9832-A399C0BD1958}.Release|Any CPU.ActiveCfg = Release|Any CPU
		{820177D8-8178-4248-9832-A399C0BD1958}.Release|Any CPU.Build.0 = Release|Any CPU
		{3F5D5911-77C3-4189-967C-99E4F00DF2D4}.Debug|Any CPU.ActiveCfg = Debug|Any CPU
		{3F5D5911-77C3-4189-967C-99E4F00DF2D4}.Debug|Any CPU.Build.0 = Debug|Any CPU
		{3F5D5911-77C3-4189-967C-99E4F00DF2D4}.Release|Any CPU.ActiveCfg = Release|Any CPU
		{3F5D5911-77C3-4189-967C-99E4F00DF2D4}.Release|Any CPU.Build.0 = Release|Any CPU
		{035EDAE8-5F38-44FE-AFE4-801993C561BF}.Debug|Any CPU.ActiveCfg = Debug|Any CPU
		{035EDAE8-5F38-44FE-AFE4-801993C561BF}.Debug|Any CPU.Build.0 = Debug|Any CPU
		{035EDAE8-5F38-44FE-AFE4-801993C561BF}.Release|Any CPU.ActiveCfg = Release|Any CPU
		{035EDAE8-5F38-44FE-AFE4-801993C561BF}.Release|Any CPU.Build.0 = Release|Any CPU
		{D0CE5189-D36C-4238-9FCA-3745DBC37165}.Debug|Any CPU.ActiveCfg = Debug|Any CPU
		{D0CE5189-D36C-4238-9FCA-3745DBC37165}.Debug|Any CPU.Build.0 = Debug|Any CPU
		{D0CE5189-D36C-4238-9FCA-3745DBC37165}.Release|Any CPU.ActiveCfg = Release|Any CPU
		{D0CE5189-D36C-4238-9FCA-3745DBC37165}.Release|Any CPU.Build.0 = Release|Any CPU
	EndGlobalSection
	GlobalSection(SolutionProperties) = preSolution
		HideSolutionNode = FALSE
	EndGlobalSection
	GlobalSection(ExtensibilityGlobals) = postSolution
		SolutionGuid = {FB72BBE9-FD5D-477C-AA31-22096657029D}
	EndGlobalSection
EndGlobal
