
Microsoft Visual Studio Solution File, Format Version 12.00
# Visual Studio Version 16
VisualStudioVersion = 16.0.30002.166
MinimumVisualStudioVersion = 10.0.40219.1
Project("{9A19103F-16F7-4668-BE54-9A1E7A4F7556}") = "SumMatrixElements", "SumMatrixElements\SumMatrixElements.csproj", "{84035F21-FA6F-4B34-9245-30DB0AA645BA}"
EndProject
Project("{9A19103F-16F7-4668-BE54-9A1E7A4F7556}") = "SumMatrixColumns", "SumMatrixColumns\SumMatrixColumns.csproj", "{820177D8-8178-4248-9832-A399C0BD1958}"
EndProject
Project("{9A19103F-16F7-4668-BE54-9A1E7A4F7556}") = "PrimaryDiagonal", "PrimaryDiagonal\PrimaryDiagonal.csproj", "{3F5D5911-77C3-4189-967C-99E4F00DF2D4}"
EndProject
Project("{9A19103F-16F7-4668-BE54-9A1E7A4F7556}") = "SymbolInMatrix", "SymbolInMatrix\SymbolInMatrix.csproj", "{035EDAE8-5F38-44FE-AFE4-801993C561BF}"
EndProject
Project("{9A19103F-16F7-4668-BE54-9A1E7A4F7556}") = "SquareWithMaximumSum", "SquareWithMaximumSum\SquareWithMaximumSum.csproj", "{D0CE5189-D36C-4238-9FCA-3745DBC37165}"
EndProject
Project("{9A19103F-16F7-4668-BE54-9A1E7A4F7556}") = "JaggedArrayModification", "JaggedArrayModification\JaggedArrayModification.csproj", "{E2592BED-5C4B-4163-8294-61FBE135AE33}"
EndProject
Project("{9A19103F-16F7-4668-BE54-9A1E7A4F7556}") = "PascalTriangle", "PascalTriangle\PascalTriangle.csproj", "{936C1D5F-B9AA-49CF-B4F2-3D800039F363}"
EndProject
Project("{9A19103F-16F7-4668-BE54-9A1E7A4F7556}") = "P01.DiagonalDifference", "P01.DiagonalDifference\P01.DiagonalDifference.csproj", "{6334395A-7FF6-42FE-B503-107CF1CC7B6D}"
EndProject
Project("{9A19103F-16F7-4668-BE54-9A1E7A4F7556}") = "P02.SquaresInMatrix", "P02.SquaresInMatrix\P02.SquaresInMatrix.csproj", "{FE168CBD-F15F-413C-9829-16D1E9249E82}"
EndProject
Project("{9A19103F-16F7-4668-BE54-9A1E7A4F7556}") = "P03.MaximalSum", "P03.MaximalSum\P03.MaximalSum.csproj", "{ED2BEF81-A324-4825-AEE5-CA0BFD916A4E}"
EndProject
Project("{9A19103F-16F7-4668-BE54-9A1E7A4F7556}") = "P04.MatrixShuffling", "P04.MatrixShuffling\P04.MatrixShuffling.csproj", "{0CB1041D-B50B-4A02-BE6B-F4F39F303418}"
EndProject
Project("{9A19103F-16F7-4668-BE54-9A1E7A4F7556}") = "P05.SnakeMoves", "P05.SnakeMoves\P05.SnakeMoves.csproj", "{824A79EF-D03A-4BCB-9A6A-EB16B304E1ED}"
EndProject
Project("{9A19103F-16F7-4668-BE54-9A1E7A4F7556}") = "P06.JaggedArrayManipulator", "P06.JaggedArrayManipulator\P06.JaggedArrayManipulator.csproj", "{BC378206-2100-4028-B117-71BDC41FE5B9}"
EndProject
Project("{9A19103F-16F7-4668-BE54-9A1E7A4F7556}") = "P07.KnightGame", "P07.KnightGame\P07.KnightGame.csproj", "{F53F5ECA-421B-47B5-916F-7078694CB2D7}"
EndProject
Project("{9A19103F-16F7-4668-BE54-9A1E7A4F7556}") = "P08.Bombs", "P08.Bombs\P08.Bombs.csproj", "{9ED6A03C-939A-4B7A-BAEC-4DFBEDF168C4}"
EndProject
Project("{9A19103F-16F7-4668-BE54-9A1E7A4F7556}") = "Bomb_2", "Bomb_2\Bomb_2.csproj", "{069AD22C-F3BE-4FEA-A530-BD68E54F71BE}"
EndProject
Project("{9A19103F-16F7-4668-BE54-9A1E7A4F7556}") = "RadioactiveMutantVampireBunnies", "RadioactiveMutantVampireBunnies\RadioactiveMutantVampireBunnies.csproj", "{FFB63619-9B25-4E9F-A3DB-281DFA7BCF9C}"
EndProject
Project("{9A19103F-16F7-4668-BE54-9A1E7A4F7556}") = "SpiralMatrix", "SpiralMatrix\SpiralMatrix.csproj", "{629294A2-652A-40D3-A667-8DBA87FE5378}"
EndProject
Project("{FAE04EC0-301F-11D3-BF4B-00C04F79EFBC}") = "P09.Miner", "P09.Miner\P09.Miner.csproj", "{1D71249A-19D4-4D3A-82A2-3A3A70079431}"
EndProject
Global
	GlobalSection(SolutionConfigurationPlatforms) = preSolution
		Debug|Any CPU = Debug|Any CPU
		Release|Any CPU = Release|Any CPU
	EndGlobalSection
	GlobalSection(ProjectConfigurationPlatforms) = postSolution
		{84035F21-FA6F-4B34-9245-30DB0AA645BA}.Debug|Any CPU.ActiveCfg = Debug|Any CPU
		{84035F21-FA6F-4B34-9245-30DB0AA645BA}.Debug|Any CPU.Build.0 = Debug|Any CPU
		{84035F21-FA6F-4B34-9245-30DB0AA645BA}.Release|Any CPU.ActiveCfg = Release|Any CPU
		{84035F21-FA6F-4B34-9245-30DB0AA645BA}.Release|Any CPU.Build.0 = Release|Any CPU
		{820177D8-8178-4248-9832-A399C0BD1958}.Debug|Any CPU.ActiveCfg = Debug|Any CPU
		{820177D8-8178-4248-9832-A399C0BD1958}.Debug|Any CPU.Build.0 = Debug|Any CPU
		{820177D8-8178-4248-9832-A399C0BD1958}.Release|Any CPU.ActiveCfg = Release|Any CPU
		{820177D8-8178-4248-9832-A399C0BD1958}.Release|Any CPU.Build.0 = Release|Any CPU
		{3F5D5911-77C3-4189-967C-99E4F00DF2D4}.Debug|Any CPU.ActiveCfg = Debug|Any CPU
		{3F5D5911-77C3-4189-967C-99E4F00DF2D4}.Debug|Any CPU.Build.0 = Debug|Any CPU
		{3F5D5911-77C3-4189-967C-99E4F00DF2D4}.Release|Any CPU.ActiveCfg = Release|Any CPU
		{3F5D5911-77C3-4189-967C-99E4F00DF2D4}.Release|Any CPU.Build.0 = Release|Any CPU
		{035EDAE8-5F38-44FE-AFE4-801993C561BF}.Debug|Any CPU.ActiveCfg = Debug|Any CPU
		{035EDAE8-5F38-44FE-AFE4-801993C561BF}.Debug|Any CPU.Build.0 = Debug|Any CPU
		{035EDAE8-5F38-44FE-AFE4-801993C561BF}.Release|Any CPU.ActiveCfg = Release|Any CPU
		{035EDAE8-5F38-44FE-AFE4-801993C561BF}.Release|Any CPU.Build.0 = Release|Any CPU
		{D0CE5189-D36C-4238-9FCA-3745DBC37165}.Debug|Any CPU.ActiveCfg = Debug|Any CPU
		{D0CE5189-D36C-4238-9FCA-3745DBC37165}.Debug|Any CPU.Build.0 = Debug|Any CPU
		{D0CE5189-D36C-4238-9FCA-3745DBC37165}.Release|Any CPU.ActiveCfg = Release|Any CPU
		{D0CE5189-D36C-4238-9FCA-3745DBC37165}.Release|Any CPU.Build.0 = Release|Any CPU
		{E2592BED-5C4B-4163-8294-61FBE135AE33}.Debug|Any CPU.ActiveCfg = Debug|Any CPU
		{E2592BED-5C4B-4163-8294-61FBE135AE33}.Debug|Any CPU.Build.0 = Debug|Any CPU
		{E2592BED-5C4B-4163-8294-61FBE135AE33}.Release|Any CPU.ActiveCfg = Release|Any CPU
		{E2592BED-5C4B-4163-8294-61FBE135AE33}.Release|Any CPU.Build.0 = Release|Any CPU
		{936C1D5F-B9AA-49CF-B4F2-3D800039F363}.Debug|Any CPU.ActiveCfg = Debug|Any CPU
		{936C1D5F-B9AA-49CF-B4F2-3D800039F363}.Debug|Any CPU.Build.0 = Debug|Any CPU
		{936C1D5F-B9AA-49CF-B4F2-3D800039F363}.Release|Any CPU.ActiveCfg = Release|Any CPU
		{936C1D5F-B9AA-49CF-B4F2-3D800039F363}.Release|Any CPU.Build.0 = Release|Any CPU
		{6334395A-7FF6-42FE-B503-107CF1CC7B6D}.Debug|Any CPU.ActiveCfg = Debug|Any CPU
		{6334395A-7FF6-42FE-B503-107CF1CC7B6D}.Debug|Any CPU.Build.0 = Debug|Any CPU
		{6334395A-7FF6-42FE-B503-107CF1CC7B6D}.Release|Any CPU.ActiveCfg = Release|Any CPU
		{6334395A-7FF6-42FE-B503-107CF1CC7B6D}.Release|Any CPU.Build.0 = Release|Any CPU
		{FE168CBD-F15F-413C-9829-16D1E9249E82}.Debug|Any CPU.ActiveCfg = Debug|Any CPU
		{FE168CBD-F15F-413C-9829-16D1E9249E82}.Debug|Any CPU.Build.0 = Debug|Any CPU
		{FE168CBD-F15F-413C-9829-16D1E9249E82}.Release|Any CPU.ActiveCfg = Release|Any CPU
		{FE168CBD-F15F-413C-9829-16D1E9249E82}.Release|Any CPU.Build.0 = Release|Any CPU
		{ED2BEF81-A324-4825-AEE5-CA0BFD916A4E}.Debug|Any CPU.ActiveCfg = Debug|Any CPU
		{ED2BEF81-A324-4825-AEE5-CA0BFD916A4E}.Debug|Any CPU.Build.0 = Debug|Any CPU
		{ED2BEF81-A324-4825-AEE5-CA0BFD916A4E}.Release|Any CPU.ActiveCfg = Release|Any CPU
		{ED2BEF81-A324-4825-AEE5-CA0BFD916A4E}.Release|Any CPU.Build.0 = Release|Any CPU
		{0CB1041D-B50B-4A02-BE6B-F4F39F303418}.Debug|Any CPU.ActiveCfg = Debug|Any CPU
		{0CB1041D-B50B-4A02-BE6B-F4F39F303418}.Debug|Any CPU.Build.0 = Debug|Any CPU
		{0CB1041D-B50B-4A02-BE6B-F4F39F303418}.Release|Any CPU.ActiveCfg = Release|Any CPU
		{0CB1041D-B50B-4A02-BE6B-F4F39F303418}.Release|Any CPU.Build.0 = Release|Any CPU
		{824A79EF-D03A-4BCB-9A6A-EB16B304E1ED}.Debug|Any CPU.ActiveCfg = Debug|Any CPU
		{824A79EF-D03A-4BCB-9A6A-EB16B304E1ED}.Debug|Any CPU.Build.0 = Debug|Any CPU
		{824A79EF-D03A-4BCB-9A6A-EB16B304E1ED}.Release|Any CPU.ActiveCfg = Release|Any CPU
		{824A79EF-D03A-4BCB-9A6A-EB16B304E1ED}.Release|Any CPU.Build.0 = Release|Any CPU
		{BC378206-2100-4028-B117-71BDC41FE5B9}.Debug|Any CPU.ActiveCfg = Debug|Any CPU
		{BC378206-2100-4028-B117-71BDC41FE5B9}.Debug|Any CPU.Build.0 = Debug|Any CPU
		{BC378206-2100-4028-B117-71BDC41FE5B9}.Release|Any CPU.ActiveCfg = Release|Any CPU
		{BC378206-2100-4028-B117-71BDC41FE5B9}.Release|Any CPU.Build.0 = Release|Any CPU
		{F53F5ECA-421B-47B5-916F-7078694CB2D7}.Debug|Any CPU.ActiveCfg = Debug|Any CPU
		{F53F5ECA-421B-47B5-916F-7078694CB2D7}.Debug|Any CPU.Build.0 = Debug|Any CPU
		{F53F5ECA-421B-47B5-916F-7078694CB2D7}.Release|Any CPU.ActiveCfg = Release|Any CPU
		{F53F5ECA-421B-47B5-916F-7078694CB2D7}.Release|Any CPU.Build.0 = Release|Any CPU
		{9ED6A03C-939A-4B7A-BAEC-4DFBEDF168C4}.Debug|Any CPU.ActiveCfg = Debug|Any CPU
		{9ED6A03C-939A-4B7A-BAEC-4DFBEDF168C4}.Debug|Any CPU.Build.0 = Debug|Any CPU
		{9ED6A03C-939A-4B7A-BAEC-4DFBEDF168C4}.Release|Any CPU.ActiveCfg = Release|Any CPU
		{9ED6A03C-939A-4B7A-BAEC-4DFBEDF168C4}.Release|Any CPU.Build.0 = Release|Any CPU
		{069AD22C-F3BE-4FEA-A530-BD68E54F71BE}.Debug|Any CPU.ActiveCfg = Debug|Any CPU
		{069AD22C-F3BE-4FEA-A530-BD68E54F71BE}.Debug|Any CPU.Build.0 = Debug|Any CPU
		{069AD22C-F3BE-4FEA-A530-BD68E54F71BE}.Release|Any CPU.ActiveCfg = Release|Any CPU
		{069AD22C-F3BE-4FEA-A530-BD68E54F71BE}.Release|Any CPU.Build.0 = Release|Any CPU
		{FFB63619-9B25-4E9F-A3DB-281DFA7BCF9C}.Debug|Any CPU.ActiveCfg = Debug|Any CPU
		{FFB63619-9B25-4E9F-A3DB-281DFA7BCF9C}.Debug|Any CPU.Build.0 = Debug|Any CPU
		{FFB63619-9B25-4E9F-A3DB-281DFA7BCF9C}.Release|Any CPU.ActiveCfg = Release|Any CPU
		{FFB63619-9B25-4E9F-A3DB-281DFA7BCF9C}.Release|Any CPU.Build.0 = Release|Any CPU
		{629294A2-652A-40D3-A667-8DBA87FE5378}.Debug|Any CPU.ActiveCfg = Debug|Any CPU
		{629294A2-652A-40D3-A667-8DBA87FE5378}.Debug|Any CPU.Build.0 = Debug|Any CPU
		{629294A2-652A-40D3-A667-8DBA87FE5378}.Release|Any CPU.ActiveCfg = Release|Any CPU
		{629294A2-652A-40D3-A667-8DBA87FE5378}.Release|Any CPU.Build.0 = Release|Any CPU
		{1D71249A-19D4-4D3A-82A2-3A3A70079431}.Debug|Any CPU.ActiveCfg = Debug|Any CPU
		{1D71249A-19D4-4D3A-82A2-3A3A70079431}.Debug|Any CPU.Build.0 = Debug|Any CPU
		{1D71249A-19D4-4D3A-82A2-3A3A70079431}.Release|Any CPU.ActiveCfg = Release|Any CPU
		{1D71249A-19D4-4D3A-82A2-3A3A70079431}.Release|Any CPU.Build.0 = Release|Any CPU
	EndGlobalSection
	GlobalSection(SolutionProperties) = preSolution
		HideSolutionNode = FALSE
	EndGlobalSection
	GlobalSection(ExtensibilityGlobals) = postSolution
		SolutionGuid = {FB72BBE9-FD5D-477C-AA31-22096657029D}
	EndGlobalSection
EndGlobal
