
Microsoft Visual Studio Solution File, Format Version 12.00
# Visual Studio Version 16
VisualStudioVersion = 16.0.30002.166
MinimumVisualStudioVersion = 10.0.40219.1
Project("{9A19103F-16F7-4668-BE54-9A1E7A4F7556}") = "June2020.P03.Parking", "June2020.P03.Parking\June2020.P03.Parking.csproj", "{7222D35A-ED5B-4CEE-A92F-34910BBE2A48}"
EndProject
Project("{9A19103F-16F7-4668-BE54-9A1E7A4F7556}") = "P01.Bombs", "P01.Bombs\P01.Bombs.csproj", "{6CCA0F47-B5DD-4E9E-8C0A-C29991DE4220}"
EndProject
Project("{9A19103F-16F7-4668-BE54-9A1E7A4F7556}") = "Snake", "Snake\Snake.csproj", "{5B0DF385-2798-4E97-8BAC-C0AFD30F3466}"
EndProject
Project("{2150E333-8FDC-42A3-9474-1A3956D46DE8}") = "Exam26October2019", "Exam26October2019", "{61473B52-0A7A-4B24-8D8C-927F90844EDA}"
EndProject
Project("{9A19103F-16F7-4668-BE54-9A1E7A4F7556}") = "DatingApp", "DatingApp\DatingApp.csproj", "{77E7C637-0846-43D1-BDFF-6116F56F9EDE}"
EndProject
Project("{9A19103F-16F7-4668-BE54-9A1E7A4F7556}") = "BookWorm", "BookWorm\BookWorm.csproj", "{6703B016-35D4-4DEC-9BC8-D6BE4B703362}"
EndProject
Project("{9A19103F-16F7-4668-BE54-9A1E7A4F7556}") = "SantasPresentFactory", "SantasPresentFactory\SantasPresentFactory.csproj", "{D4A254DD-534D-4E0A-B388-10D59689287B}"
EndProject
Project("{9A19103F-16F7-4668-BE54-9A1E7A4F7556}") = "PresentDelivery", "PresentDelivery\PresentDelivery.csproj", "{888DD23A-7985-420F-8928-4964700D69E4}"
EndProject
Project("{2150E333-8FDC-42A3-9474-1A3956D46DE8}") = "14Oct2018", "14Oct2018", "{05AC119A-83D9-4C0F-AB4D-FBF32475CA05}"
EndProject
Project("{9A19103F-16F7-4668-BE54-9A1E7A4F7556}") = "DataTrasfer", "DataTrasfer\DataTrasfer.csproj", "{D7484F79-FDF8-4196-9640-6D97F1D9E252}"
EndProject
Project("{9A19103F-16F7-4668-BE54-9A1E7A4F7556}") = "Miner", "Miner\Miner.csproj", "{305785DC-2F1E-4059-B28D-AFFC94C146E4}"
EndProject
Project("{9A19103F-16F7-4668-BE54-9A1E7A4F7556}") = "CupsBottles", "CupsBottles\CupsBottles.csproj", "{C63FE2A1-2FF8-4278-AEB4-63A9F4048B84}"
EndProject
Project("{9A19103F-16F7-4668-BE54-9A1E7A4F7556}") = "ClubPartyExamFeb2019", "ClubPartyExamFeb2019\ClubPartyExamFeb2019.csproj", "{1DB89022-FFDF-4503-8EDC-F3410595E995}"
EndProject
Project("{9A19103F-16F7-4668-BE54-9A1E7A4F7556}") = "RabbitClass", "ReVoltExamFeb2020\RabbitClass.csproj", "{20552883-6205-4896-BCC4-27BA6972739A}"
EndProject
Project("{9A19103F-16F7-4668-BE54-9A1E7A4F7556}") = "MatrixExample", "MatrixExample\MatrixExample.csproj", "{2F50C1D4-B557-40F6-897A-F2FC720AC33E}"
EndProject
Project("{9A19103F-16F7-4668-BE54-9A1E7A4F7556}") = "SneakingExamFeb2018", "SneakingExamFeb2018\SneakingExamFeb2018.csproj", "{5F034320-19E8-40DB-8D7C-7B9B41113436}"
EndProject
Project("{9A19103F-16F7-4668-BE54-9A1E7A4F7556}") = "KeyRevolverExamFeb2018", "KeyRevolverExamFeb2018\KeyRevolverExamFeb2018.csproj", "{A521B6CB-D951-471D-AEA8-8DAF355437B9}"
EndProject
Project("{9A19103F-16F7-4668-BE54-9A1E7A4F7556}") = "HitListExamFeb2018", "HitListExamFeb2018\HitListExamFeb2018.csproj", "{9EFD008D-8A6E-4B66-B8B5-09DA39D388A1}"
EndProject
Project("{FAE04EC0-301F-11D3-BF4B-00C04F79EFBC}") = "CrossroadsExamApril2018", "CrossroadsExamApril2018\CrossroadsExamApril2018.csproj", "{ECD1D665-0B2C-42A0-AE8D-E3868446B7E8}"
EndProject
Project("{FAE04EC0-301F-11D3-BF4B-00C04F79EFBC}") = "ParkingFeudExamApril2018", "ParkingFeudExamApril2018\ParkingFeudExamApril2018.csproj", "{A5B84780-C60D-462F-934A-158008587A20}"
EndProject
Global
	GlobalSection(SolutionConfigurationPlatforms) = preSolution
		Debug|Any CPU = Debug|Any CPU
		Release|Any CPU = Release|Any CPU
	EndGlobalSection
	GlobalSection(ProjectConfigurationPlatforms) = postSolution
		{7222D35A-ED5B-4CEE-A92F-34910BBE2A48}.Debug|Any CPU.ActiveCfg = Debug|Any CPU
		{7222D35A-ED5B-4CEE-A92F-34910BBE2A48}.Debug|Any CPU.Build.0 = Debug|Any CPU
		{7222D35A-ED5B-4CEE-A92F-34910BBE2A48}.Release|Any CPU.ActiveCfg = Release|Any CPU
		{7222D35A-ED5B-4CEE-A92F-34910BBE2A48}.Release|Any CPU.Build.0 = Release|Any CPU
		{6CCA0F47-B5DD-4E9E-8C0A-C29991DE4220}.Debug|Any CPU.ActiveCfg = Debug|Any CPU
		{6CCA0F47-B5DD-4E9E-8C0A-C29991DE4220}.Debug|Any CPU.Build.0 = Debug|Any CPU
		{6CCA0F47-B5DD-4E9E-8C0A-C29991DE4220}.Release|Any CPU.ActiveCfg = Release|Any CPU
		{6CCA0F47-B5DD-4E9E-8C0A-C29991DE4220}.Release|Any CPU.Build.0 = Release|Any CPU
		{5B0DF385-2798-4E97-8BAC-C0AFD30F3466}.Debug|Any CPU.ActiveCfg = Debug|Any CPU
		{5B0DF385-2798-4E97-8BAC-C0AFD30F3466}.Debug|Any CPU.Build.0 = Debug|Any CPU
		{5B0DF385-2798-4E97-8BAC-C0AFD30F3466}.Release|Any CPU.ActiveCfg = Release|Any CPU
		{5B0DF385-2798-4E97-8BAC-C0AFD30F3466}.Release|Any CPU.Build.0 = Release|Any CPU
		{77E7C637-0846-43D1-BDFF-6116F56F9EDE}.Debug|Any CPU.ActiveCfg = Debug|Any CPU
		{77E7C637-0846-43D1-BDFF-6116F56F9EDE}.Debug|Any CPU.Build.0 = Debug|Any CPU
		{77E7C637-0846-43D1-BDFF-6116F56F9EDE}.Release|Any CPU.ActiveCfg = Release|Any CPU
		{77E7C637-0846-43D1-BDFF-6116F56F9EDE}.Release|Any CPU.Build.0 = Release|Any CPU
		{6703B016-35D4-4DEC-9BC8-D6BE4B703362}.Debug|Any CPU.ActiveCfg = Debug|Any CPU
		{6703B016-35D4-4DEC-9BC8-D6BE4B703362}.Debug|Any CPU.Build.0 = Debug|Any CPU
		{6703B016-35D4-4DEC-9BC8-D6BE4B703362}.Release|Any CPU.ActiveCfg = Release|Any CPU
		{6703B016-35D4-4DEC-9BC8-D6BE4B703362}.Release|Any CPU.Build.0 = Release|Any CPU
		{D4A254DD-534D-4E0A-B388-10D59689287B}.Debug|Any CPU.ActiveCfg = Debug|Any CPU
		{D4A254DD-534D-4E0A-B388-10D59689287B}.Debug|Any CPU.Build.0 = Debug|Any CPU
		{D4A254DD-534D-4E0A-B388-10D59689287B}.Release|Any CPU.ActiveCfg = Release|Any CPU
		{D4A254DD-534D-4E0A-B388-10D59689287B}.Release|Any CPU.Build.0 = Release|Any CPU
		{888DD23A-7985-420F-8928-4964700D69E4}.Debug|Any CPU.ActiveCfg = Debug|Any CPU
		{888DD23A-7985-420F-8928-4964700D69E4}.Debug|Any CPU.Build.0 = Debug|Any CPU
		{888DD23A-7985-420F-8928-4964700D69E4}.Release|Any CPU.ActiveCfg = Release|Any CPU
		{888DD23A-7985-420F-8928-4964700D69E4}.Release|Any CPU.Build.0 = Release|Any CPU
		{D7484F79-FDF8-4196-9640-6D97F1D9E252}.Debug|Any CPU.ActiveCfg = Debug|Any CPU
		{D7484F79-FDF8-4196-9640-6D97F1D9E252}.Debug|Any CPU.Build.0 = Debug|Any CPU
		{D7484F79-FDF8-4196-9640-6D97F1D9E252}.Release|Any CPU.ActiveCfg = Release|Any CPU
		{D7484F79-FDF8-4196-9640-6D97F1D9E252}.Release|Any CPU.Build.0 = Release|Any CPU
		{305785DC-2F1E-4059-B28D-AFFC94C146E4}.Debug|Any CPU.ActiveCfg = Debug|Any CPU
		{305785DC-2F1E-4059-B28D-AFFC94C146E4}.Debug|Any CPU.Build.0 = Debug|Any CPU
		{305785DC-2F1E-4059-B28D-AFFC94C146E4}.Release|Any CPU.ActiveCfg = Release|Any CPU
		{305785DC-2F1E-4059-B28D-AFFC94C146E4}.Release|Any CPU.Build.0 = Release|Any CPU
		{C63FE2A1-2FF8-4278-AEB4-63A9F4048B84}.Debug|Any CPU.ActiveCfg = Debug|Any CPU
		{C63FE2A1-2FF8-4278-AEB4-63A9F4048B84}.Debug|Any CPU.Build.0 = Debug|Any CPU
		{C63FE2A1-2FF8-4278-AEB4-63A9F4048B84}.Release|Any CPU.ActiveCfg = Release|Any CPU
		{C63FE2A1-2FF8-4278-AEB4-63A9F4048B84}.Release|Any CPU.Build.0 = Release|Any CPU
		{1DB89022-FFDF-4503-8EDC-F3410595E995}.Debug|Any CPU.ActiveCfg = Debug|Any CPU
		{1DB89022-FFDF-4503-8EDC-F3410595E995}.Debug|Any CPU.Build.0 = Debug|Any CPU
		{1DB89022-FFDF-4503-8EDC-F3410595E995}.Release|Any CPU.ActiveCfg = Release|Any CPU
		{1DB89022-FFDF-4503-8EDC-F3410595E995}.Release|Any CPU.Build.0 = Release|Any CPU
		{20552883-6205-4896-BCC4-27BA6972739A}.Debug|Any CPU.ActiveCfg = Debug|Any CPU
		{20552883-6205-4896-BCC4-27BA6972739A}.Debug|Any CPU.Build.0 = Debug|Any CPU
		{20552883-6205-4896-BCC4-27BA6972739A}.Release|Any CPU.ActiveCfg = Release|Any CPU
		{20552883-6205-4896-BCC4-27BA6972739A}.Release|Any CPU.Build.0 = Release|Any CPU
		{2F50C1D4-B557-40F6-897A-F2FC720AC33E}.Debug|Any CPU.ActiveCfg = Debug|Any CPU
		{2F50C1D4-B557-40F6-897A-F2FC720AC33E}.Debug|Any CPU.Build.0 = Debug|Any CPU
		{2F50C1D4-B557-40F6-897A-F2FC720AC33E}.Release|Any CPU.ActiveCfg = Release|Any CPU
		{2F50C1D4-B557-40F6-897A-F2FC720AC33E}.Release|Any CPU.Build.0 = Release|Any CPU
		{5F034320-19E8-40DB-8D7C-7B9B41113436}.Debug|Any CPU.ActiveCfg = Debug|Any CPU
		{5F034320-19E8-40DB-8D7C-7B9B41113436}.Debug|Any CPU.Build.0 = Debug|Any CPU
		{5F034320-19E8-40DB-8D7C-7B9B41113436}.Release|Any CPU.ActiveCfg = Release|Any CPU
		{5F034320-19E8-40DB-8D7C-7B9B41113436}.Release|Any CPU.Build.0 = Release|Any CPU
		{A521B6CB-D951-471D-AEA8-8DAF355437B9}.Debug|Any CPU.ActiveCfg = Debug|Any CPU
		{A521B6CB-D951-471D-AEA8-8DAF355437B9}.Debug|Any CPU.Build.0 = Debug|Any CPU
		{A521B6CB-D951-471D-AEA8-8DAF355437B9}.Release|Any CPU.ActiveCfg = Release|Any CPU
		{A521B6CB-D951-471D-AEA8-8DAF355437B9}.Release|Any CPU.Build.0 = Release|Any CPU
		{9EFD008D-8A6E-4B66-B8B5-09DA39D388A1}.Debug|Any CPU.ActiveCfg = Debug|Any CPU
		{9EFD008D-8A6E-4B66-B8B5-09DA39D388A1}.Debug|Any CPU.Build.0 = Debug|Any CPU
		{9EFD008D-8A6E-4B66-B8B5-09DA39D388A1}.Release|Any CPU.ActiveCfg = Release|Any CPU
		{9EFD008D-8A6E-4B66-B8B5-09DA39D388A1}.Release|Any CPU.Build.0 = Release|Any CPU
		{ECD1D665-0B2C-42A0-AE8D-E3868446B7E8}.Debug|Any CPU.ActiveCfg = Debug|Any CPU
		{ECD1D665-0B2C-42A0-AE8D-E3868446B7E8}.Debug|Any CPU.Build.0 = Debug|Any CPU
		{ECD1D665-0B2C-42A0-AE8D-E3868446B7E8}.Release|Any CPU.ActiveCfg = Release|Any CPU
		{ECD1D665-0B2C-42A0-AE8D-E3868446B7E8}.Release|Any CPU.Build.0 = Release|Any CPU
		{A5B84780-C60D-462F-934A-158008587A20}.Debug|Any CPU.ActiveCfg = Debug|Any CPU
		{A5B84780-C60D-462F-934A-158008587A20}.Debug|Any CPU.Build.0 = Debug|Any CPU
		{A5B84780-C60D-462F-934A-158008587A20}.Release|Any CPU.ActiveCfg = Release|Any CPU
		{A5B84780-C60D-462F-934A-158008587A20}.Release|Any CPU.Build.0 = Release|Any CPU
	EndGlobalSection
	GlobalSection(SolutionProperties) = preSolution
		HideSolutionNode = FALSE
	EndGlobalSection
	GlobalSection(NestedProjects) = preSolution
		{77E7C637-0846-43D1-BDFF-6116F56F9EDE} = {61473B52-0A7A-4B24-8D8C-927F90844EDA}
		{D7484F79-FDF8-4196-9640-6D97F1D9E252} = {05AC119A-83D9-4C0F-AB4D-FBF32475CA05}
		{305785DC-2F1E-4059-B28D-AFFC94C146E4} = {05AC119A-83D9-4C0F-AB4D-FBF32475CA05}
	EndGlobalSection
	GlobalSection(ExtensibilityGlobals) = postSolution
		SolutionGuid = {F9383827-DE99-490D-B722-87974EB98134}
	EndGlobalSection
EndGlobal
