
Microsoft Visual Studio Solution File, Format Version 12.00
# Visual Studio Version 16
VisualStudioVersion = 16.0.30002.166
MinimumVisualStudioVersion = 10.0.40219.1
Project("{9A19103F-16F7-4668-BE54-9A1E7A4F7556}") = "CarManufacturer", "CarManufacturer\CarManufacturer.csproj", "{02B037E9-65BA-4292-98B9-0323DE8A96B5}"
EndProject
Project("{9A19103F-16F7-4668-BE54-9A1E7A4F7556}") = "SchoolClass", "SchoolClass\SchoolClass.csproj", "{9C803B32-1BA5-4CD0-8B82-141B468700F6}"
EndProject
Project("{FAE04EC0-301F-11D3-BF4B-00C04F79EFBC}") = "SpecialCars", "SpecialCars\SpecialCars.csproj", "{51A94660-5DA6-49B1-A849-CE2103790460}"
EndProject
Global
	GlobalSection(SolutionConfigurationPlatforms) = preSolution
		Debug|Any CPU = Debug|Any CPU
		Release|Any CPU = Release|Any CPU
	EndGlobalSection
	GlobalSection(ProjectConfigurationPlatforms) = postSolution
		{02B037E9-65BA-4292-98B9-0323DE8A96B5}.Debug|Any CPU.ActiveCfg = Debug|Any CPU
		{02B037E9-65BA-4292-98B9-0323DE8A96B5}.Debug|Any CPU.Build.0 = Debug|Any CPU
		{02B037E9-65BA-4292-98B9-0323DE8A96B5}.Release|Any CPU.ActiveCfg = Release|Any CPU
		{02B037E9-65BA-4292-98B9-0323DE8A96B5}.Release|Any CPU.Build.0 = Release|Any CPU
		{9C803B32-1BA5-4CD0-8B82-141B468700F6}.Debug|Any CPU.ActiveCfg = Debug|Any CPU
		{9C803B32-1BA5-4CD0-8B82-141B468700F6}.Debug|Any CPU.Build.0 = Debug|Any CPU
		{9C803B32-1BA5-4CD0-8B82-141B468700F6}.Release|Any CPU.ActiveCfg = Release|Any CPU
		{9C803B32-1BA5-4CD0-8B82-141B468700F6}.Release|Any CPU.Build.0 = Release|Any CPU
		{51A94660-5DA6-49B1-A849-CE2103790460}.Debug|Any CPU.ActiveCfg = Debug|Any CPU
		{51A94660-5DA6-49B1-A849-CE2103790460}.Debug|Any CPU.Build.0 = Debug|Any CPU
		{51A94660-5DA6-49B1-A849-CE2103790460}.Release|Any CPU.ActiveCfg = Release|Any CPU
		{51A94660-5DA6-49B1-A849-CE2103790460}.Release|Any CPU.Build.0 = Release|Any CPU
	EndGlobalSection
	GlobalSection(SolutionProperties) = preSolution
		HideSolutionNode = FALSE
	EndGlobalSection
	GlobalSection(ExtensibilityGlobals) = postSolution
		SolutionGuid = {A0DC7841-767D-4371-BE6F-38926D2EB5E5}
	EndGlobalSection
EndGlobal
