
Microsoft Visual Studio Solution File, Format Version 12.00
# Visual Studio Version 16
VisualStudioVersion = 16.0.30002.166
MinimumVisualStudioVersion = 10.0.40219.1
Project("{9A19103F-16F7-4668-BE54-9A1E7A4F7556}") = "CarManufacturer", "CarManufacturer\CarManufacturer.csproj", "{02B037E9-65BA-4292-98B9-0323DE8A96B5}"
EndProject
Project("{9A19103F-16F7-4668-BE54-9A1E7A4F7556}") = "SchoolClass", "SchoolClass\SchoolClass.csproj", "{9C803B32-1BA5-4CD0-8B82-141B468700F6}"
EndProject
Project("{9A19103F-16F7-4668-BE54-9A1E7A4F7556}") = "SpecialCars", "SpecialCars\SpecialCars.csproj", "{51A94660-5DA6-49B1-A849-CE2103790460}"
EndProject
Project("{9A19103F-16F7-4668-BE54-9A1E7A4F7556}") = "DefiningClasses", "DefineAClassPerson\DefiningClasses.csproj", "{163845A8-FFE3-4921-A7C7-1B10DFF06B79}"
EndProject
Project("{FAE04EC0-301F-11D3-BF4B-00C04F79EFBC}") = "DateCalc", "DateCalc\DateCalc.csproj", "{FB7EDF5B-23EA-4E70-B5F0-CA09C977ABA3}"
EndProject
Project("{FAE04EC0-301F-11D3-BF4B-00C04F79EFBC}") = "SpeedRacing", "SpeedRacing\SpeedRacing.csproj", "{7A127C50-DD59-4A38-9EA5-9B5B60FEF116}"
EndProject
Project("{FAE04EC0-301F-11D3-BF4B-00C04F79EFBC}") = "RawData", "RawData\RawData.csproj", "{9DF5CDD5-58BA-4640-B584-CF322CC22D9D}"
EndProject
Project("{FAE04EC0-301F-11D3-BF4B-00C04F79EFBC}") = "CarSalesman", "CarSalesman\CarSalesman.csproj", "{2CD83A93-1B8E-400B-A213-B0E40E7FAD44}"
EndProject
Project("{FAE04EC0-301F-11D3-BF4B-00C04F79EFBC}") = "PokemonTrainer", "PokemonTrainer\PokemonTrainer.csproj", "{F6964763-F1C3-4BBD-8EE1-0C41A881FEA1}"
EndProject
Global
	GlobalSection(SolutionConfigurationPlatforms) = preSolution
		Debug|Any CPU = Debug|Any CPU
		Release|Any CPU = Release|Any CPU
	EndGlobalSection
	GlobalSection(ProjectConfigurationPlatforms) = postSolution
		{02B037E9-65BA-4292-98B9-0323DE8A96B5}.Debug|Any CPU.ActiveCfg = Debug|Any CPU
		{02B037E9-65BA-4292-98B9-0323DE8A96B5}.Debug|Any CPU.Build.0 = Debug|Any CPU
		{02B037E9-65BA-4292-98B9-0323DE8A96B5}.Release|Any CPU.ActiveCfg = Release|Any CPU
		{02B037E9-65BA-4292-98B9-0323DE8A96B5}.Release|Any CPU.Build.0 = Release|Any CPU
		{9C803B32-1BA5-4CD0-8B82-141B468700F6}.Debug|Any CPU.ActiveCfg = Debug|Any CPU
		{9C803B32-1BA5-4CD0-8B82-141B468700F6}.Debug|Any CPU.Build.0 = Debug|Any CPU
		{9C803B32-1BA5-4CD0-8B82-141B468700F6}.Release|Any CPU.ActiveCfg = Release|Any CPU
		{9C803B32-1BA5-4CD0-8B82-141B468700F6}.Release|Any CPU.Build.0 = Release|Any CPU
		{51A94660-5DA6-49B1-A849-CE2103790460}.Debug|Any CPU.ActiveCfg = Debug|Any CPU
		{51A94660-5DA6-49B1-A849-CE2103790460}.Debug|Any CPU.Build.0 = Debug|Any CPU
		{51A94660-5DA6-49B1-A849-CE2103790460}.Release|Any CPU.ActiveCfg = Release|Any CPU
		{51A94660-5DA6-49B1-A849-CE2103790460}.Release|Any CPU.Build.0 = Release|Any CPU
		{163845A8-FFE3-4921-A7C7-1B10DFF06B79}.Debug|Any CPU.ActiveCfg = Debug|Any CPU
		{163845A8-FFE3-4921-A7C7-1B10DFF06B79}.Debug|Any CPU.Build.0 = Debug|Any CPU
		{163845A8-FFE3-4921-A7C7-1B10DFF06B79}.Release|Any CPU.ActiveCfg = Release|Any CPU
		{163845A8-FFE3-4921-A7C7-1B10DFF06B79}.Release|Any CPU.Build.0 = Release|Any CPU
		{FB7EDF5B-23EA-4E70-B5F0-CA09C977ABA3}.Debug|Any CPU.ActiveCfg = Debug|Any CPU
		{FB7EDF5B-23EA-4E70-B5F0-CA09C977ABA3}.Debug|Any CPU.Build.0 = Debug|Any CPU
		{FB7EDF5B-23EA-4E70-B5F0-CA09C977ABA3}.Release|Any CPU.ActiveCfg = Release|Any CPU
		{FB7EDF5B-23EA-4E70-B5F0-CA09C977ABA3}.Release|Any CPU.Build.0 = Release|Any CPU
		{7A127C50-DD59-4A38-9EA5-9B5B60FEF116}.Debug|Any CPU.ActiveCfg = Debug|Any CPU
		{7A127C50-DD59-4A38-9EA5-9B5B60FEF116}.Debug|Any CPU.Build.0 = Debug|Any CPU
		{7A127C50-DD59-4A38-9EA5-9B5B60FEF116}.Release|Any CPU.ActiveCfg = Release|Any CPU
		{7A127C50-DD59-4A38-9EA5-9B5B60FEF116}.Release|Any CPU.Build.0 = Release|Any CPU
		{9DF5CDD5-58BA-4640-B584-CF322CC22D9D}.Debug|Any CPU.ActiveCfg = Debug|Any CPU
		{9DF5CDD5-58BA-4640-B584-CF322CC22D9D}.Debug|Any CPU.Build.0 = Debug|Any CPU
		{9DF5CDD5-58BA-4640-B584-CF322CC22D9D}.Release|Any CPU.ActiveCfg = Release|Any CPU
		{9DF5CDD5-58BA-4640-B584-CF322CC22D9D}.Release|Any CPU.Build.0 = Release|Any CPU
		{2CD83A93-1B8E-400B-A213-B0E40E7FAD44}.Debug|Any CPU.ActiveCfg = Debug|Any CPU
		{2CD83A93-1B8E-400B-A213-B0E40E7FAD44}.Debug|Any CPU.Build.0 = Debug|Any CPU
		{2CD83A93-1B8E-400B-A213-B0E40E7FAD44}.Release|Any CPU.ActiveCfg = Release|Any CPU
		{2CD83A93-1B8E-400B-A213-B0E40E7FAD44}.Release|Any CPU.Build.0 = Release|Any CPU
		{F6964763-F1C3-4BBD-8EE1-0C41A881FEA1}.Debug|Any CPU.ActiveCfg = Debug|Any CPU
		{F6964763-F1C3-4BBD-8EE1-0C41A881FEA1}.Debug|Any CPU.Build.0 = Debug|Any CPU
		{F6964763-F1C3-4BBD-8EE1-0C41A881FEA1}.Release|Any CPU.ActiveCfg = Release|Any CPU
		{F6964763-F1C3-4BBD-8EE1-0C41A881FEA1}.Release|Any CPU.Build.0 = Release|Any CPU
	EndGlobalSection
	GlobalSection(SolutionProperties) = preSolution
		HideSolutionNode = FALSE
	EndGlobalSection
	GlobalSection(ExtensibilityGlobals) = postSolution
		SolutionGuid = {A0DC7841-767D-4371-BE6F-38926D2EB5E5}
	EndGlobalSection
EndGlobal
