
Microsoft Visual Studio Solution File, Format Version 12.00
# Visual Studio Version 16
VisualStudioVersion = 16.0.30002.166
MinimumVisualStudioVersion = 10.0.40219.1
Project("{9A19103F-16F7-4668-BE54-9A1E7A4F7556}") = "Demo", "ConsoleApp1\Demo.csproj", "{73626799-C90C-4F4A-8EB3-DD401617AD6C}"
EndProject
Project("{9A19103F-16F7-4668-BE54-9A1E7A4F7556}") = "Library", "Library\Library.csproj", "{8F9E5EFD-D898-42B6-B8AF-42DC736FB330}"
EndProject
Project("{9A19103F-16F7-4668-BE54-9A1E7A4F7556}") = "IteratorsAndComparators", "IteratorsAndComparators\IteratorsAndComparators.csproj", "{BAA8AF74-5B6D-4896-B0A6-7D55CDFDD608}"
EndProject
Project("{9A19103F-16F7-4668-BE54-9A1E7A4F7556}") = "ListyIterator", "ListyIterator\ListyIterator.csproj", "{72FC6E74-0689-4A09-AE2C-2B96990A88AF}"
EndProject
Project("{FAE04EC0-301F-11D3-BF4B-00C04F79EFBC}") = "Stack", "Stack\Stack.csproj", "{48C5B3C9-8F2A-4F7F-9485-310D62E0DF27}"
EndProject
Project("{FAE04EC0-301F-11D3-BF4B-00C04F79EFBC}") = "Froggy", "Froggy\Froggy.csproj", "{C1F73B16-6574-4F26-908F-8B8E600C5D94}"
EndProject
Project("{FAE04EC0-301F-11D3-BF4B-00C04F79EFBC}") = "ComparingObjects", "ComparingObjects\ComparingObjects.csproj", "{918E5419-77EF-47B6-87B4-0EF402C45258}"
EndProject
Project("{FAE04EC0-301F-11D3-BF4B-00C04F79EFBC}") = "EqualityLogic", "EqualityLogic\EqualityLogic.csproj", "{EC5F4A26-C8A9-48E1-B4C3-12DC8A936DAE}"
EndProject
Global
	GlobalSection(SolutionConfigurationPlatforms) = preSolution
		Debug|Any CPU = Debug|Any CPU
		Release|Any CPU = Release|Any CPU
	EndGlobalSection
	GlobalSection(ProjectConfigurationPlatforms) = postSolution
		{73626799-C90C-4F4A-8EB3-DD401617AD6C}.Debug|Any CPU.ActiveCfg = Debug|Any CPU
		{73626799-C90C-4F4A-8EB3-DD401617AD6C}.Debug|Any CPU.Build.0 = Debug|Any CPU
		{73626799-C90C-4F4A-8EB3-DD401617AD6C}.Release|Any CPU.ActiveCfg = Release|Any CPU
		{73626799-C90C-4F4A-8EB3-DD401617AD6C}.Release|Any CPU.Build.0 = Release|Any CPU
		{8F9E5EFD-D898-42B6-B8AF-42DC736FB330}.Debug|Any CPU.ActiveCfg = Debug|Any CPU
		{8F9E5EFD-D898-42B6-B8AF-42DC736FB330}.Debug|Any CPU.Build.0 = Debug|Any CPU
		{8F9E5EFD-D898-42B6-B8AF-42DC736FB330}.Release|Any CPU.ActiveCfg = Release|Any CPU
		{8F9E5EFD-D898-42B6-B8AF-42DC736FB330}.Release|Any CPU.Build.0 = Release|Any CPU
		{BAA8AF74-5B6D-4896-B0A6-7D55CDFDD608}.Debug|Any CPU.ActiveCfg = Debug|Any CPU
		{BAA8AF74-5B6D-4896-B0A6-7D55CDFDD608}.Debug|Any CPU.Build.0 = Debug|Any CPU
		{BAA8AF74-5B6D-4896-B0A6-7D55CDFDD608}.Release|Any CPU.ActiveCfg = Release|Any CPU
		{BAA8AF74-5B6D-4896-B0A6-7D55CDFDD608}.Release|Any CPU.Build.0 = Release|Any CPU
		{72FC6E74-0689-4A09-AE2C-2B96990A88AF}.Debug|Any CPU.ActiveCfg = Debug|Any CPU
		{72FC6E74-0689-4A09-AE2C-2B96990A88AF}.Debug|Any CPU.Build.0 = Debug|Any CPU
		{72FC6E74-0689-4A09-AE2C-2B96990A88AF}.Release|Any CPU.ActiveCfg = Release|Any CPU
		{72FC6E74-0689-4A09-AE2C-2B96990A88AF}.Release|Any CPU.Build.0 = Release|Any CPU
		{48C5B3C9-8F2A-4F7F-9485-310D62E0DF27}.Debug|Any CPU.ActiveCfg = Debug|Any CPU
		{48C5B3C9-8F2A-4F7F-9485-310D62E0DF27}.Debug|Any CPU.Build.0 = Debug|Any CPU
		{48C5B3C9-8F2A-4F7F-9485-310D62E0DF27}.Release|Any CPU.ActiveCfg = Release|Any CPU
		{48C5B3C9-8F2A-4F7F-9485-310D62E0DF27}.Release|Any CPU.Build.0 = Release|Any CPU
		{C1F73B16-6574-4F26-908F-8B8E600C5D94}.Debug|Any CPU.ActiveCfg = Debug|Any CPU
		{C1F73B16-6574-4F26-908F-8B8E600C5D94}.Debug|Any CPU.Build.0 = Debug|Any CPU
		{C1F73B16-6574-4F26-908F-8B8E600C5D94}.Release|Any CPU.ActiveCfg = Release|Any CPU
		{C1F73B16-6574-4F26-908F-8B8E600C5D94}.Release|Any CPU.Build.0 = Release|Any CPU
		{918E5419-77EF-47B6-87B4-0EF402C45258}.Debug|Any CPU.ActiveCfg = Debug|Any CPU
		{918E5419-77EF-47B6-87B4-0EF402C45258}.Debug|Any CPU.Build.0 = Debug|Any CPU
		{918E5419-77EF-47B6-87B4-0EF402C45258}.Release|Any CPU.ActiveCfg = Release|Any CPU
		{918E5419-77EF-47B6-87B4-0EF402C45258}.Release|Any CPU.Build.0 = Release|Any CPU
		{EC5F4A26-C8A9-48E1-B4C3-12DC8A936DAE}.Debug|Any CPU.ActiveCfg = Debug|Any CPU
		{EC5F4A26-C8A9-48E1-B4C3-12DC8A936DAE}.Debug|Any CPU.Build.0 = Debug|Any CPU
		{EC5F4A26-C8A9-48E1-B4C3-12DC8A936DAE}.Release|Any CPU.ActiveCfg = Release|Any CPU
		{EC5F4A26-C8A9-48E1-B4C3-12DC8A936DAE}.Release|Any CPU.Build.0 = Release|Any CPU
	EndGlobalSection
	GlobalSection(SolutionProperties) = preSolution
		HideSolutionNode = FALSE
	EndGlobalSection
	GlobalSection(ExtensibilityGlobals) = postSolution
		SolutionGuid = {64A1773E-01C6-4380-8C98-47F1D9DF4DB8}
	EndGlobalSection
EndGlobal
