
Microsoft Visual Studio Solution File, Format Version 12.00
# Visual Studio Version 16
VisualStudioVersion = 16.0.30002.166
MinimumVisualStudioVersion = 10.0.40219.1
Project("{FAE04EC0-301F-11D3-BF4B-00C04F79EFBC}") = "ClubParty", "ClubParty\ClubParty.csproj", "{050FA0A4-9243-457A-8228-DC326B8CC40D}"
EndProject
Project("{FAE04EC0-301F-11D3-BF4B-00C04F79EFBC}") = "TronRacers", "TronRacers\TronRacers.csproj", "{A4DD0033-B36E-4D3F-BD01-6E6B1B0D5E6B}"
EndProject
Project("{FAE04EC0-301F-11D3-BF4B-00C04F79EFBC}") = "dateModifier", "dateModifier\dateModifier.csproj", "{6DFAE427-52A8-474C-909B-D4FD3BED3651}"
EndProject
Global
	GlobalSection(SolutionConfigurationPlatforms) = preSolution
		Debug|Any CPU = Debug|Any CPU
		Release|Any CPU = Release|Any CPU
	EndGlobalSection
	GlobalSection(ProjectConfigurationPlatforms) = postSolution
		{050FA0A4-9243-457A-8228-DC326B8CC40D}.Debug|Any CPU.ActiveCfg = Debug|Any CPU
		{050FA0A4-9243-457A-8228-DC326B8CC40D}.Debug|Any CPU.Build.0 = Debug|Any CPU
		{050FA0A4-9243-457A-8228-DC326B8CC40D}.Release|Any CPU.ActiveCfg = Release|Any CPU
		{050FA0A4-9243-457A-8228-DC326B8CC40D}.Release|Any CPU.Build.0 = Release|Any CPU
		{A4DD0033-B36E-4D3F-BD01-6E6B1B0D5E6B}.Debug|Any CPU.ActiveCfg = Debug|Any CPU
		{A4DD0033-B36E-4D3F-BD01-6E6B1B0D5E6B}.Debug|Any CPU.Build.0 = Debug|Any CPU
		{A4DD0033-B36E-4D3F-BD01-6E6B1B0D5E6B}.Release|Any CPU.ActiveCfg = Release|Any CPU
		{A4DD0033-B36E-4D3F-BD01-6E6B1B0D5E6B}.Release|Any CPU.Build.0 = Release|Any CPU
		{6DFAE427-52A8-474C-909B-D4FD3BED3651}.Debug|Any CPU.ActiveCfg = Debug|Any CPU
		{6DFAE427-52A8-474C-909B-D4FD3BED3651}.Debug|Any CPU.Build.0 = Debug|Any CPU
		{6DFAE427-52A8-474C-909B-D4FD3BED3651}.Release|Any CPU.ActiveCfg = Release|Any CPU
		{6DFAE427-52A8-474C-909B-D4FD3BED3651}.Release|Any CPU.Build.0 = Release|Any CPU
	EndGlobalSection
	GlobalSection(SolutionProperties) = preSolution
		HideSolutionNode = FALSE
	EndGlobalSection
	GlobalSection(ExtensibilityGlobals) = postSolution
		SolutionGuid = {58DD2C68-57DD-4A08-9214-EFED94EE3AE9}
	EndGlobalSection
EndGlobal
