
Microsoft Visual Studio Solution File, Format Version 12.00
# Visual Studio Version 16
VisualStudioVersion = 16.0.30002.166
MinimumVisualStudioVersion = 10.0.40219.1
Project("{9A19103F-16F7-4668-BE54-9A1E7A4F7556}") = "LongestSubArray", "LongestSubaray\LongestSubArray.csproj", "{B60FCA88-72A4-4C24-B226-794CB78559E4}"
EndProject
Project("{9A19103F-16F7-4668-BE54-9A1E7A4F7556}") = "UnexpectedDemand", "UnexpectedDemand\UnexpectedDemand.csproj", "{29E412B0-D4C5-44D5-A50D-80C71146DC7D}"
EndProject
Project("{FAE04EC0-301F-11D3-BF4B-00C04F79EFBC}") = "VetClinic", "..\CSharpAdvancedExams\August2020\VetClinic\VetClinic.csproj", "{B4213BEF-8736-475B-931D-19B16B1D9C2B}"
EndProject
Project("{9A19103F-16F7-4668-BE54-9A1E7A4F7556}") = "MinAndMaxSum", "MinAndMaxSum\MinAndMaxSum.csproj", "{F20690A3-20E7-4C6D-8671-4B8BA0740B73}"
EndProject
Project("{9A19103F-16F7-4668-BE54-9A1E7A4F7556}") = "BirthdayCakeCandles", "BirthdayCakeCandles\BirthdayCakeCandles.csproj", "{1BAF68BC-456C-47E0-97EE-8C25F7765404}"
EndProject
Project("{9A19103F-16F7-4668-BE54-9A1E7A4F7556}") = "TimeConversion", "TimeConversion\TimeConversion.csproj", "{0F989D15-2306-473F-8DDE-95DD3D7230B7}"
EndProject
Project("{FAE04EC0-301F-11D3-BF4B-00C04F79EFBC}") = "GradingStudents", "GradingStudents\GradingStudents.csproj", "{94DD4154-D5F0-4A0E-A990-98CE16BC9317}"
EndProject
Global
	GlobalSection(SolutionConfigurationPlatforms) = preSolution
		Debug|Any CPU = Debug|Any CPU
		Release|Any CPU = Release|Any CPU
	EndGlobalSection
	GlobalSection(ProjectConfigurationPlatforms) = postSolution
		{B60FCA88-72A4-4C24-B226-794CB78559E4}.Debug|Any CPU.ActiveCfg = Debug|Any CPU
		{B60FCA88-72A4-4C24-B226-794CB78559E4}.Debug|Any CPU.Build.0 = Debug|Any CPU
		{B60FCA88-72A4-4C24-B226-794CB78559E4}.Release|Any CPU.ActiveCfg = Release|Any CPU
		{B60FCA88-72A4-4C24-B226-794CB78559E4}.Release|Any CPU.Build.0 = Release|Any CPU
		{29E412B0-D4C5-44D5-A50D-80C71146DC7D}.Debug|Any CPU.ActiveCfg = Debug|Any CPU
		{29E412B0-D4C5-44D5-A50D-80C71146DC7D}.Debug|Any CPU.Build.0 = Debug|Any CPU
		{29E412B0-D4C5-44D5-A50D-80C71146DC7D}.Release|Any CPU.ActiveCfg = Release|Any CPU
		{29E412B0-D4C5-44D5-A50D-80C71146DC7D}.Release|Any CPU.Build.0 = Release|Any CPU
		{B4213BEF-8736-475B-931D-19B16B1D9C2B}.Debug|Any CPU.ActiveCfg = Debug|Any CPU
		{B4213BEF-8736-475B-931D-19B16B1D9C2B}.Debug|Any CPU.Build.0 = Debug|Any CPU
		{B4213BEF-8736-475B-931D-19B16B1D9C2B}.Release|Any CPU.ActiveCfg = Release|Any CPU
		{B4213BEF-8736-475B-931D-19B16B1D9C2B}.Release|Any CPU.Build.0 = Release|Any CPU
		{F20690A3-20E7-4C6D-8671-4B8BA0740B73}.Debug|Any CPU.ActiveCfg = Debug|Any CPU
		{F20690A3-20E7-4C6D-8671-4B8BA0740B73}.Debug|Any CPU.Build.0 = Debug|Any CPU
		{F20690A3-20E7-4C6D-8671-4B8BA0740B73}.Release|Any CPU.ActiveCfg = Release|Any CPU
		{F20690A3-20E7-4C6D-8671-4B8BA0740B73}.Release|Any CPU.Build.0 = Release|Any CPU
		{1BAF68BC-456C-47E0-97EE-8C25F7765404}.Debug|Any CPU.ActiveCfg = Debug|Any CPU
		{1BAF68BC-456C-47E0-97EE-8C25F7765404}.Debug|Any CPU.Build.0 = Debug|Any CPU
		{1BAF68BC-456C-47E0-97EE-8C25F7765404}.Release|Any CPU.ActiveCfg = Release|Any CPU
		{1BAF68BC-456C-47E0-97EE-8C25F7765404}.Release|Any CPU.Build.0 = Release|Any CPU
		{0F989D15-2306-473F-8DDE-95DD3D7230B7}.Debug|Any CPU.ActiveCfg = Debug|Any CPU
		{0F989D15-2306-473F-8DDE-95DD3D7230B7}.Debug|Any CPU.Build.0 = Debug|Any CPU
		{0F989D15-2306-473F-8DDE-95DD3D7230B7}.Release|Any CPU.ActiveCfg = Release|Any CPU
		{0F989D15-2306-473F-8DDE-95DD3D7230B7}.Release|Any CPU.Build.0 = Release|Any CPU
		{94DD4154-D5F0-4A0E-A990-98CE16BC9317}.Debug|Any CPU.ActiveCfg = Debug|Any CPU
		{94DD4154-D5F0-4A0E-A990-98CE16BC9317}.Debug|Any CPU.Build.0 = Debug|Any CPU
		{94DD4154-D5F0-4A0E-A990-98CE16BC9317}.Release|Any CPU.ActiveCfg = Release|Any CPU
		{94DD4154-D5F0-4A0E-A990-98CE16BC9317}.Release|Any CPU.Build.0 = Release|Any CPU
	EndGlobalSection
	GlobalSection(SolutionProperties) = preSolution
		HideSolutionNode = FALSE
	EndGlobalSection
	GlobalSection(ExtensibilityGlobals) = postSolution
		SolutionGuid = {0CE2356A-B314-468D-8BAC-DA323C55AF30}
	EndGlobalSection
EndGlobal
