
Microsoft Visual Studio Solution File, Format Version 12.00
# Visual Studio Version 16
VisualStudioVersion = 16.0.30002.166
MinimumVisualStudioVersion = 10.0.40219.1
Project("{9A19103F-16F7-4668-BE54-9A1E7A4F7556}") = "CustomList", "CustomList\CustomList.csproj", "{7BD59311-2444-4720-AF82-AA9A023C34CE}"
EndProject
Project("{9A19103F-16F7-4668-BE54-9A1E7A4F7556}") = "MyStack", "MyStack\MyStack.csproj", "{CCE74FB0-8BB8-453F-A13A-72C88B06C1F4}"
EndProject
Project("{FAE04EC0-301F-11D3-BF4B-00C04F79EFBC}") = "DoublyLinkedList", "DoublyLinkedList\DoublyLinkedList.csproj", "{9B45C18D-0423-47F7-A6EE-89D98B6CFAAF}"
EndProject
Global
	GlobalSection(SolutionConfigurationPlatforms) = preSolution
		Debug|Any CPU = Debug|Any CPU
		Release|Any CPU = Release|Any CPU
	EndGlobalSection
	GlobalSection(ProjectConfigurationPlatforms) = postSolution
		{7BD59311-2444-4720-AF82-AA9A023C34CE}.Debug|Any CPU.ActiveCfg = Debug|Any CPU
		{7BD59311-2444-4720-AF82-AA9A023C34CE}.Debug|Any CPU.Build.0 = Debug|Any CPU
		{7BD59311-2444-4720-AF82-AA9A023C34CE}.Release|Any CPU.ActiveCfg = Release|Any CPU
		{7BD59311-2444-4720-AF82-AA9A023C34CE}.Release|Any CPU.Build.0 = Release|Any CPU
		{CCE74FB0-8BB8-453F-A13A-72C88B06C1F4}.Debug|Any CPU.ActiveCfg = Debug|Any CPU
		{CCE74FB0-8BB8-453F-A13A-72C88B06C1F4}.Debug|Any CPU.Build.0 = Debug|Any CPU
		{CCE74FB0-8BB8-453F-A13A-72C88B06C1F4}.Release|Any CPU.ActiveCfg = Release|Any CPU
		{CCE74FB0-8BB8-453F-A13A-72C88B06C1F4}.Release|Any CPU.Build.0 = Release|Any CPU
		{9B45C18D-0423-47F7-A6EE-89D98B6CFAAF}.Debug|Any CPU.ActiveCfg = Debug|Any CPU
		{9B45C18D-0423-47F7-A6EE-89D98B6CFAAF}.Debug|Any CPU.Build.0 = Debug|Any CPU
		{9B45C18D-0423-47F7-A6EE-89D98B6CFAAF}.Release|Any CPU.ActiveCfg = Release|Any CPU
		{9B45C18D-0423-47F7-A6EE-89D98B6CFAAF}.Release|Any CPU.Build.0 = Release|Any CPU
	EndGlobalSection
	GlobalSection(SolutionProperties) = preSolution
		HideSolutionNode = FALSE
	EndGlobalSection
	GlobalSection(ExtensibilityGlobals) = postSolution
		SolutionGuid = {F23E98F5-4061-49F2-A424-418571D67704}
	EndGlobalSection
EndGlobal
