
Microsoft Visual Studio Solution File, Format Version 12.00
# Visual Studio Version 16
VisualStudioVersion = 16.0.30002.166
MinimumVisualStudioVersion = 10.0.40219.1
Project("{9A19103F-16F7-4668-BE54-9A1E7A4F7556}") = "OddLines", "OddLines\OddLines.csproj", "{75B12501-6A90-41F8-AE83-42C57CA2A512}"
EndProject
Project("{9A19103F-16F7-4668-BE54-9A1E7A4F7556}") = "P01.OddLines", "P01.OddLines\P01.OddLines.csproj", "{89B76613-FC3B-4D12-9169-EDB68E289344}"
EndProject
Project("{9A19103F-16F7-4668-BE54-9A1E7A4F7556}") = "P02.LineNumbers", "P02.LineNumbers\P02.LineNumbers.csproj", "{5FAA0757-0B14-41B4-83F5-2D9BF0962922}"
EndProject
Project("{9A19103F-16F7-4668-BE54-9A1E7A4F7556}") = "P03.WordsCount", "P03.WordsCount\P03.WordsCount.csproj", "{F2A6EF0E-403C-4139-8AFA-79689F2AC3EF}"
EndProject
Project("{9A19103F-16F7-4668-BE54-9A1E7A4F7556}") = "P04.MergeFiles", "P04.MergeFiles\P04.MergeFiles.csproj", "{AACA58C5-60CF-4857-90BB-D183E68A8688}"
EndProject
Project("{9A19103F-16F7-4668-BE54-9A1E7A4F7556}") = "P05.FolderSize", "P05.FolderSize\P05.FolderSize.csproj", "{8DC39C7D-8983-4ED2-B0F8-F433C3425C82}"
EndProject
Project("{9A19103F-16F7-4668-BE54-9A1E7A4F7556}") = "SliceFile", "SliceFile\SliceFile.csproj", "{043C705B-2492-4764-ABFF-97F7B1E5A065}"
EndProject
Project("{9A19103F-16F7-4668-BE54-9A1E7A4F7556}") = "EvenLines", "EvenLines\EvenLines.csproj", "{E822DBCA-106A-48D6-817A-67634951309B}"
EndProject
Project("{FAE04EC0-301F-11D3-BF4B-00C04F79EFBC}") = "P01.EvenLines", "P01.EvenLines\P01.EvenLines.csproj", "{CE70BEF5-E867-4EA6-AD68-2063F2D4263C}"
EndProject
Project("{FAE04EC0-301F-11D3-BF4B-00C04F79EFBC}") = "P02.LineNumbers-HW", "P02.LineNumbers-HW\P02.LineNumbers-HW.csproj", "{F3A23279-5054-4E00-AA28-50405D2D09F9}"
EndProject
Project("{FAE04EC0-301F-11D3-BF4B-00C04F79EFBC}") = "P03.WordCount", "P03.WordCount\P03.WordCount.csproj", "{B97B60EA-BC2C-492D-9A64-83B4FBEA1271}"
EndProject
Project("{FAE04EC0-301F-11D3-BF4B-00C04F79EFBC}") = "P04.CopyBinaryFile", "P04.CopyBinaryFile\P04.CopyBinaryFile.csproj", "{439B3C52-9158-4151-81FE-18EFE266F3EF}"
EndProject
Project("{FAE04EC0-301F-11D3-BF4B-00C04F79EFBC}") = "P05.DirectoryTraversal", "P05.DirectoryTraversal\P05.DirectoryTraversal.csproj", "{C9C8C800-EF42-4FA9-BF67-A7DE4A3C1D0B}"
EndProject
Project("{FAE04EC0-301F-11D3-BF4B-00C04F79EFBC}") = "P06.ZipAndExtract", "P06.ZipAndExtract\P06.ZipAndExtract.csproj", "{90BC447A-1A64-4D51-9E34-EC165B19C0D3}"
EndProject
Global
	GlobalSection(SolutionConfigurationPlatforms) = preSolution
		Debug|Any CPU = Debug|Any CPU
		Release|Any CPU = Release|Any CPU
	EndGlobalSection
	GlobalSection(ProjectConfigurationPlatforms) = postSolution
		{75B12501-6A90-41F8-AE83-42C57CA2A512}.Debug|Any CPU.ActiveCfg = Debug|Any CPU
		{75B12501-6A90-41F8-AE83-42C57CA2A512}.Debug|Any CPU.Build.0 = Debug|Any CPU
		{75B12501-6A90-41F8-AE83-42C57CA2A512}.Release|Any CPU.ActiveCfg = Release|Any CPU
		{75B12501-6A90-41F8-AE83-42C57CA2A512}.Release|Any CPU.Build.0 = Release|Any CPU
		{89B76613-FC3B-4D12-9169-EDB68E289344}.Debug|Any CPU.ActiveCfg = Debug|Any CPU
		{89B76613-FC3B-4D12-9169-EDB68E289344}.Debug|Any CPU.Build.0 = Debug|Any CPU
		{89B76613-FC3B-4D12-9169-EDB68E289344}.Release|Any CPU.ActiveCfg = Release|Any CPU
		{89B76613-FC3B-4D12-9169-EDB68E289344}.Release|Any CPU.Build.0 = Release|Any CPU
		{5FAA0757-0B14-41B4-83F5-2D9BF0962922}.Debug|Any CPU.ActiveCfg = Debug|Any CPU
		{5FAA0757-0B14-41B4-83F5-2D9BF0962922}.Debug|Any CPU.Build.0 = Debug|Any CPU
		{5FAA0757-0B14-41B4-83F5-2D9BF0962922}.Release|Any CPU.ActiveCfg = Release|Any CPU
		{5FAA0757-0B14-41B4-83F5-2D9BF0962922}.Release|Any CPU.Build.0 = Release|Any CPU
		{F2A6EF0E-403C-4139-8AFA-79689F2AC3EF}.Debug|Any CPU.ActiveCfg = Debug|Any CPU
		{F2A6EF0E-403C-4139-8AFA-79689F2AC3EF}.Debug|Any CPU.Build.0 = Debug|Any CPU
		{F2A6EF0E-403C-4139-8AFA-79689F2AC3EF}.Release|Any CPU.ActiveCfg = Release|Any CPU
		{F2A6EF0E-403C-4139-8AFA-79689F2AC3EF}.Release|Any CPU.Build.0 = Release|Any CPU
		{AACA58C5-60CF-4857-90BB-D183E68A8688}.Debug|Any CPU.ActiveCfg = Debug|Any CPU
		{AACA58C5-60CF-4857-90BB-D183E68A8688}.Debug|Any CPU.Build.0 = Debug|Any CPU
		{AACA58C5-60CF-4857-90BB-D183E68A8688}.Release|Any CPU.ActiveCfg = Release|Any CPU
		{AACA58C5-60CF-4857-90BB-D183E68A8688}.Release|Any CPU.Build.0 = Release|Any CPU
		{8DC39C7D-8983-4ED2-B0F8-F433C3425C82}.Debug|Any CPU.ActiveCfg = Debug|Any CPU
		{8DC39C7D-8983-4ED2-B0F8-F433C3425C82}.Debug|Any CPU.Build.0 = Debug|Any CPU
		{8DC39C7D-8983-4ED2-B0F8-F433C3425C82}.Release|Any CPU.ActiveCfg = Release|Any CPU
		{8DC39C7D-8983-4ED2-B0F8-F433C3425C82}.Release|Any CPU.Build.0 = Release|Any CPU
		{043C705B-2492-4764-ABFF-97F7B1E5A065}.Debug|Any CPU.ActiveCfg = Debug|Any CPU
		{043C705B-2492-4764-ABFF-97F7B1E5A065}.Debug|Any CPU.Build.0 = Debug|Any CPU
		{043C705B-2492-4764-ABFF-97F7B1E5A065}.Release|Any CPU.ActiveCfg = Release|Any CPU
		{043C705B-2492-4764-ABFF-97F7B1E5A065}.Release|Any CPU.Build.0 = Release|Any CPU
		{E822DBCA-106A-48D6-817A-67634951309B}.Debug|Any CPU.ActiveCfg = Debug|Any CPU
		{E822DBCA-106A-48D6-817A-67634951309B}.Debug|Any CPU.Build.0 = Debug|Any CPU
		{E822DBCA-106A-48D6-817A-67634951309B}.Release|Any CPU.ActiveCfg = Release|Any CPU
		{E822DBCA-106A-48D6-817A-67634951309B}.Release|Any CPU.Build.0 = Release|Any CPU
		{CE70BEF5-E867-4EA6-AD68-2063F2D4263C}.Debug|Any CPU.ActiveCfg = Debug|Any CPU
		{CE70BEF5-E867-4EA6-AD68-2063F2D4263C}.Debug|Any CPU.Build.0 = Debug|Any CPU
		{CE70BEF5-E867-4EA6-AD68-2063F2D4263C}.Release|Any CPU.ActiveCfg = Release|Any CPU
		{CE70BEF5-E867-4EA6-AD68-2063F2D4263C}.Release|Any CPU.Build.0 = Release|Any CPU
		{F3A23279-5054-4E00-AA28-50405D2D09F9}.Debug|Any CPU.ActiveCfg = Debug|Any CPU
		{F3A23279-5054-4E00-AA28-50405D2D09F9}.Debug|Any CPU.Build.0 = Debug|Any CPU
		{F3A23279-5054-4E00-AA28-50405D2D09F9}.Release|Any CPU.ActiveCfg = Release|Any CPU
		{F3A23279-5054-4E00-AA28-50405D2D09F9}.Release|Any CPU.Build.0 = Release|Any CPU
		{B97B60EA-BC2C-492D-9A64-83B4FBEA1271}.Debug|Any CPU.ActiveCfg = Debug|Any CPU
		{B97B60EA-BC2C-492D-9A64-83B4FBEA1271}.Debug|Any CPU.Build.0 = Debug|Any CPU
		{B97B60EA-BC2C-492D-9A64-83B4FBEA1271}.Release|Any CPU.ActiveCfg = Release|Any CPU
		{B97B60EA-BC2C-492D-9A64-83B4FBEA1271}.Release|Any CPU.Build.0 = Release|Any CPU
		{439B3C52-9158-4151-81FE-18EFE266F3EF}.Debug|Any CPU.ActiveCfg = Debug|Any CPU
		{439B3C52-9158-4151-81FE-18EFE266F3EF}.Debug|Any CPU.Build.0 = Debug|Any CPU
		{439B3C52-9158-4151-81FE-18EFE266F3EF}.Release|Any CPU.ActiveCfg = Release|Any CPU
		{439B3C52-9158-4151-81FE-18EFE266F3EF}.Release|Any CPU.Build.0 = Release|Any CPU
		{C9C8C800-EF42-4FA9-BF67-A7DE4A3C1D0B}.Debug|Any CPU.ActiveCfg = Debug|Any CPU
		{C9C8C800-EF42-4FA9-BF67-A7DE4A3C1D0B}.Debug|Any CPU.Build.0 = Debug|Any CPU
		{C9C8C800-EF42-4FA9-BF67-A7DE4A3C1D0B}.Release|Any CPU.ActiveCfg = Release|Any CPU
		{C9C8C800-EF42-4FA9-BF67-A7DE4A3C1D0B}.Release|Any CPU.Build.0 = Release|Any CPU
		{90BC447A-1A64-4D51-9E34-EC165B19C0D3}.Debug|Any CPU.ActiveCfg = Debug|Any CPU
		{90BC447A-1A64-4D51-9E34-EC165B19C0D3}.Debug|Any CPU.Build.0 = Debug|Any CPU
		{90BC447A-1A64-4D51-9E34-EC165B19C0D3}.Release|Any CPU.ActiveCfg = Release|Any CPU
		{90BC447A-1A64-4D51-9E34-EC165B19C0D3}.Release|Any CPU.Build.0 = Release|Any CPU
	EndGlobalSection
	GlobalSection(SolutionProperties) = preSolution
		HideSolutionNode = FALSE
	EndGlobalSection
	GlobalSection(ExtensibilityGlobals) = postSolution
		SolutionGuid = {85243B72-49ED-4A40-8C26-2CF4D0A8D9F0}
	EndGlobalSection
EndGlobal
