
Microsoft Visual Studio Solution File, Format Version 12.00
# Visual Studio Version 16
VisualStudioVersion = 16.0.30002.166
MinimumVisualStudioVersion = 10.0.40219.1
Project("{9A19103F-16F7-4668-BE54-9A1E7A4F7556}") = "ReverseStrings", "ReverseStrings\ReverseStrings.csproj", "{E5358B59-1B50-42EF-B79E-F82F68A32F67}"
EndProject
Project("{9A19103F-16F7-4668-BE54-9A1E7A4F7556}") = "StackSum", "StackSum\StackSum.csproj", "{FCC290D8-8F16-4246-8DCD-4C51C0ADFCE5}"
EndProject
Project("{9A19103F-16F7-4668-BE54-9A1E7A4F7556}") = "SimpleCalculator", "SimpleCalculator\SimpleCalculator.csproj", "{D12D4646-437F-4B5C-BC7A-2AE8F1839416}"
EndProject
Project("{9A19103F-16F7-4668-BE54-9A1E7A4F7556}") = "P04.MatchingBrackets", "P04.MatchingBrackets\P04.MatchingBrackets.csproj", "{63D4B97A-9E81-47E9-BE4F-6ECACBBE0BCB}"
EndProject
Project("{9A19103F-16F7-4668-BE54-9A1E7A4F7556}") = "P05.PrintEvenNumbers", "P05.PrintEvenNumbers\P05.PrintEvenNumbers.csproj", "{326138A4-2166-4C7A-BAC0-BB4C70ECB6E6}"
EndProject
Project("{9A19103F-16F7-4668-BE54-9A1E7A4F7556}") = "P06.Supermarket", "P06.Supermarket\P06.Supermarket.csproj", "{C159E8A3-1852-4AFC-AD63-3121A362FE23}"
EndProject
Project("{9A19103F-16F7-4668-BE54-9A1E7A4F7556}") = "P07.HotPotato", "P07.HotPotato\P07.HotPotato.csproj", "{D3F7EC28-08BC-403B-9734-62B8BC6BD504}"
EndProject
Project("{9A19103F-16F7-4668-BE54-9A1E7A4F7556}") = "P08.TrafficJam", "P08.TrafficJam\P08.TrafficJam.csproj", "{AE7483F4-13FB-4444-8403-57283ACD7BC9}"
EndProject
Project("{9A19103F-16F7-4668-BE54-9A1E7A4F7556}") = "Recursion", "Recursion\Recursion.csproj", "{4E8A9981-8D80-4264-9C1F-D141CFDE226D}"
EndProject
Project("{9A19103F-16F7-4668-BE54-9A1E7A4F7556}") = "P01.BasicStackOperations", "P01.BasicStackOperations\P01.BasicStackOperations.csproj", "{5A82F7BC-9F6F-4328-99F9-F134DE2F55CF}"
EndProject
Project("{9A19103F-16F7-4668-BE54-9A1E7A4F7556}") = "P02.BasicQueueOperations", "P02.BasicQueueOperations\P02.BasicQueueOperations.csproj", "{C177B844-9A48-4AE2-BA00-5243F407E11D}"
EndProject
Project("{9A19103F-16F7-4668-BE54-9A1E7A4F7556}") = "P03.MaxAndMinElement", "P03.MaxAndMinElement\P03.MaxAndMinElement.csproj", "{6F8F95B8-F782-4D99-B982-245ABF899863}"
EndProject
Project("{9A19103F-16F7-4668-BE54-9A1E7A4F7556}") = "P04.FastFood", "P04.FastFood\P04.FastFood.csproj", "{60E41C60-2AEE-423A-B449-52EAEF3C0C09}"
EndProject
Project("{9A19103F-16F7-4668-BE54-9A1E7A4F7556}") = "PrintEvenNumbers_v2", "PrintEvenNumbers_v2\PrintEvenNumbers_v2.csproj", "{D6E93BE8-30AE-4BF8-8FA4-46F27319F691}"
EndProject
Project("{9A19103F-16F7-4668-BE54-9A1E7A4F7556}") = "P05.FashionBoutique", "P05.FashionBoutique\P05.FashionBoutique.csproj", "{18D6418D-F566-4B0D-A049-93933B9E98A7}"
EndProject
Project("{9A19103F-16F7-4668-BE54-9A1E7A4F7556}") = "P06.SongsQueue", "P06.SongsQueue\P06.SongsQueue.csproj", "{BD24CD22-C28C-4C3C-ABCC-ABEC657E497F}"
EndProject
Project("{9A19103F-16F7-4668-BE54-9A1E7A4F7556}") = "P07.TruckTour", "P07.TruckTour\P07.TruckTour.csproj", "{B1A800C2-1A7A-4BFB-BF98-7E2751B5B666}"
EndProject
Project("{9A19103F-16F7-4668-BE54-9A1E7A4F7556}") = "P08.BalancedParentheses", "P08.BalancedParentheses\P08.BalancedParentheses.csproj", "{A41C6B92-E8E4-46C5-AB08-5A4ED6AB0A98}"
EndProject
Project("{9A19103F-16F7-4668-BE54-9A1E7A4F7556}") = "P09.SimpleTextEditor", "P09.SimpleTextEditor\P09.SimpleTextEditor.csproj", "{6596FB5F-6AF4-46A8-927C-A42ED995EA68}"
EndProject
Project("{9A19103F-16F7-4668-BE54-9A1E7A4F7556}") = "P10.Crossroads", "P10.Crossroads\P10.Crossroads.csproj", "{A2A5A6AE-D8F9-4ECC-83E1-88C23EED983A}"
EndProject
Project("{9A19103F-16F7-4668-BE54-9A1E7A4F7556}") = "P11.KeyRevolver", "P11.KeyRevolver\P11.KeyRevolver.csproj", "{9020FEF9-76A5-4A97-A161-A8D16886DFB8}"
EndProject
Project("{9A19103F-16F7-4668-BE54-9A1E7A4F7556}") = "P12.CupsAndBottles", "P12.CupsAndBottles\P12.CupsAndBottles.csproj", "{AF25DD1C-83D0-43AE-8641-9B204AFC94BD}"
EndProject
Project("{FAE04EC0-301F-11D3-BF4B-00C04F79EFBC}") = "SimpleTextEditor2", "SimpleTextEditor2\SimpleTextEditor2.csproj", "{6B73E3B7-211E-44A6-9C4B-EB2D3E86BFCE}"
EndProject
Global
	GlobalSection(SolutionConfigurationPlatforms) = preSolution
		Debug|Any CPU = Debug|Any CPU
		Release|Any CPU = Release|Any CPU
	EndGlobalSection
	GlobalSection(ProjectConfigurationPlatforms) = postSolution
		{E5358B59-1B50-42EF-B79E-F82F68A32F67}.Debug|Any CPU.ActiveCfg = Debug|Any CPU
		{E5358B59-1B50-42EF-B79E-F82F68A32F67}.Debug|Any CPU.Build.0 = Debug|Any CPU
		{E5358B59-1B50-42EF-B79E-F82F68A32F67}.Release|Any CPU.ActiveCfg = Release|Any CPU
		{E5358B59-1B50-42EF-B79E-F82F68A32F67}.Release|Any CPU.Build.0 = Release|Any CPU
		{FCC290D8-8F16-4246-8DCD-4C51C0ADFCE5}.Debug|Any CPU.ActiveCfg = Debug|Any CPU
		{FCC290D8-8F16-4246-8DCD-4C51C0ADFCE5}.Debug|Any CPU.Build.0 = Debug|Any CPU
		{FCC290D8-8F16-4246-8DCD-4C51C0ADFCE5}.Release|Any CPU.ActiveCfg = Release|Any CPU
		{FCC290D8-8F16-4246-8DCD-4C51C0ADFCE5}.Release|Any CPU.Build.0 = Release|Any CPU
		{D12D4646-437F-4B5C-BC7A-2AE8F1839416}.Debug|Any CPU.ActiveCfg = Debug|Any CPU
		{D12D4646-437F-4B5C-BC7A-2AE8F1839416}.Debug|Any CPU.Build.0 = Debug|Any CPU
		{D12D4646-437F-4B5C-BC7A-2AE8F1839416}.Release|Any CPU.ActiveCfg = Release|Any CPU
		{D12D4646-437F-4B5C-BC7A-2AE8F1839416}.Release|Any CPU.Build.0 = Release|Any CPU
		{63D4B97A-9E81-47E9-BE4F-6ECACBBE0BCB}.Debug|Any CPU.ActiveCfg = Debug|Any CPU
		{63D4B97A-9E81-47E9-BE4F-6ECACBBE0BCB}.Debug|Any CPU.Build.0 = Debug|Any CPU
		{63D4B97A-9E81-47E9-BE4F-6ECACBBE0BCB}.Release|Any CPU.ActiveCfg = Release|Any CPU
		{63D4B97A-9E81-47E9-BE4F-6ECACBBE0BCB}.Release|Any CPU.Build.0 = Release|Any CPU
		{326138A4-2166-4C7A-BAC0-BB4C70ECB6E6}.Debug|Any CPU.ActiveCfg = Debug|Any CPU
		{326138A4-2166-4C7A-BAC0-BB4C70ECB6E6}.Debug|Any CPU.Build.0 = Debug|Any CPU
		{326138A4-2166-4C7A-BAC0-BB4C70ECB6E6}.Release|Any CPU.ActiveCfg = Release|Any CPU
		{326138A4-2166-4C7A-BAC0-BB4C70ECB6E6}.Release|Any CPU.Build.0 = Release|Any CPU
		{C159E8A3-1852-4AFC-AD63-3121A362FE23}.Debug|Any CPU.ActiveCfg = Debug|Any CPU
		{C159E8A3-1852-4AFC-AD63-3121A362FE23}.Debug|Any CPU.Build.0 = Debug|Any CPU
		{C159E8A3-1852-4AFC-AD63-3121A362FE23}.Release|Any CPU.ActiveCfg = Release|Any CPU
		{C159E8A3-1852-4AFC-AD63-3121A362FE23}.Release|Any CPU.Build.0 = Release|Any CPU
		{D3F7EC28-08BC-403B-9734-62B8BC6BD504}.Debug|Any CPU.ActiveCfg = Debug|Any CPU
		{D3F7EC28-08BC-403B-9734-62B8BC6BD504}.Debug|Any CPU.Build.0 = Debug|Any CPU
		{D3F7EC28-08BC-403B-9734-62B8BC6BD504}.Release|Any CPU.ActiveCfg = Release|Any CPU
		{D3F7EC28-08BC-403B-9734-62B8BC6BD504}.Release|Any CPU.Build.0 = Release|Any CPU
		{AE7483F4-13FB-4444-8403-57283ACD7BC9}.Debug|Any CPU.ActiveCfg = Debug|Any CPU
		{AE7483F4-13FB-4444-8403-57283ACD7BC9}.Debug|Any CPU.Build.0 = Debug|Any CPU
		{AE7483F4-13FB-4444-8403-57283ACD7BC9}.Release|Any CPU.ActiveCfg = Release|Any CPU
		{AE7483F4-13FB-4444-8403-57283ACD7BC9}.Release|Any CPU.Build.0 = Release|Any CPU
		{4E8A9981-8D80-4264-9C1F-D141CFDE226D}.Debug|Any CPU.ActiveCfg = Debug|Any CPU
		{4E8A9981-8D80-4264-9C1F-D141CFDE226D}.Debug|Any CPU.Build.0 = Debug|Any CPU
		{4E8A9981-8D80-4264-9C1F-D141CFDE226D}.Release|Any CPU.ActiveCfg = Release|Any CPU
		{4E8A9981-8D80-4264-9C1F-D141CFDE226D}.Release|Any CPU.Build.0 = Release|Any CPU
		{5A82F7BC-9F6F-4328-99F9-F134DE2F55CF}.Debug|Any CPU.ActiveCfg = Debug|Any CPU
		{5A82F7BC-9F6F-4328-99F9-F134DE2F55CF}.Debug|Any CPU.Build.0 = Debug|Any CPU
		{5A82F7BC-9F6F-4328-99F9-F134DE2F55CF}.Release|Any CPU.ActiveCfg = Release|Any CPU
		{5A82F7BC-9F6F-4328-99F9-F134DE2F55CF}.Release|Any CPU.Build.0 = Release|Any CPU
		{C177B844-9A48-4AE2-BA00-5243F407E11D}.Debug|Any CPU.ActiveCfg = Debug|Any CPU
		{C177B844-9A48-4AE2-BA00-5243F407E11D}.Debug|Any CPU.Build.0 = Debug|Any CPU
		{C177B844-9A48-4AE2-BA00-5243F407E11D}.Release|Any CPU.ActiveCfg = Release|Any CPU
		{C177B844-9A48-4AE2-BA00-5243F407E11D}.Release|Any CPU.Build.0 = Release|Any CPU
		{6F8F95B8-F782-4D99-B982-245ABF899863}.Debug|Any CPU.ActiveCfg = Debug|Any CPU
		{6F8F95B8-F782-4D99-B982-245ABF899863}.Debug|Any CPU.Build.0 = Debug|Any CPU
		{6F8F95B8-F782-4D99-B982-245ABF899863}.Release|Any CPU.ActiveCfg = Release|Any CPU
		{6F8F95B8-F782-4D99-B982-245ABF899863}.Release|Any CPU.Build.0 = Release|Any CPU
		{60E41C60-2AEE-423A-B449-52EAEF3C0C09}.Debug|Any CPU.ActiveCfg = Debug|Any CPU
		{60E41C60-2AEE-423A-B449-52EAEF3C0C09}.Debug|Any CPU.Build.0 = Debug|Any CPU
		{60E41C60-2AEE-423A-B449-52EAEF3C0C09}.Release|Any CPU.ActiveCfg = Release|Any CPU
		{60E41C60-2AEE-423A-B449-52EAEF3C0C09}.Release|Any CPU.Build.0 = Release|Any CPU
		{D6E93BE8-30AE-4BF8-8FA4-46F27319F691}.Debug|Any CPU.ActiveCfg = Debug|Any CPU
		{D6E93BE8-30AE-4BF8-8FA4-46F27319F691}.Debug|Any CPU.Build.0 = Debug|Any CPU
		{D6E93BE8-30AE-4BF8-8FA4-46F27319F691}.Release|Any CPU.ActiveCfg = Release|Any CPU
		{D6E93BE8-30AE-4BF8-8FA4-46F27319F691}.Release|Any CPU.Build.0 = Release|Any CPU
		{18D6418D-F566-4B0D-A049-93933B9E98A7}.Debug|Any CPU.ActiveCfg = Debug|Any CPU
		{18D6418D-F566-4B0D-A049-93933B9E98A7}.Debug|Any CPU.Build.0 = Debug|Any CPU
		{18D6418D-F566-4B0D-A049-93933B9E98A7}.Release|Any CPU.ActiveCfg = Release|Any CPU
		{18D6418D-F566-4B0D-A049-93933B9E98A7}.Release|Any CPU.Build.0 = Release|Any CPU
		{BD24CD22-C28C-4C3C-ABCC-ABEC657E497F}.Debug|Any CPU.ActiveCfg = Debug|Any CPU
		{BD24CD22-C28C-4C3C-ABCC-ABEC657E497F}.Debug|Any CPU.Build.0 = Debug|Any CPU
		{BD24CD22-C28C-4C3C-ABCC-ABEC657E497F}.Release|Any CPU.ActiveCfg = Release|Any CPU
		{BD24CD22-C28C-4C3C-ABCC-ABEC657E497F}.Release|Any CPU.Build.0 = Release|Any CPU
		{B1A800C2-1A7A-4BFB-BF98-7E2751B5B666}.Debug|Any CPU.ActiveCfg = Debug|Any CPU
		{B1A800C2-1A7A-4BFB-BF98-7E2751B5B666}.Debug|Any CPU.Build.0 = Debug|Any CPU
		{B1A800C2-1A7A-4BFB-BF98-7E2751B5B666}.Release|Any CPU.ActiveCfg = Release|Any CPU
		{B1A800C2-1A7A-4BFB-BF98-7E2751B5B666}.Release|Any CPU.Build.0 = Release|Any CPU
		{A41C6B92-E8E4-46C5-AB08-5A4ED6AB0A98}.Debug|Any CPU.ActiveCfg = Debug|Any CPU
		{A41C6B92-E8E4-46C5-AB08-5A4ED6AB0A98}.Debug|Any CPU.Build.0 = Debug|Any CPU
		{A41C6B92-E8E4-46C5-AB08-5A4ED6AB0A98}.Release|Any CPU.ActiveCfg = Release|Any CPU
		{A41C6B92-E8E4-46C5-AB08-5A4ED6AB0A98}.Release|Any CPU.Build.0 = Release|Any CPU
		{6596FB5F-6AF4-46A8-927C-A42ED995EA68}.Debug|Any CPU.ActiveCfg = Debug|Any CPU
		{6596FB5F-6AF4-46A8-927C-A42ED995EA68}.Debug|Any CPU.Build.0 = Debug|Any CPU
		{6596FB5F-6AF4-46A8-927C-A42ED995EA68}.Release|Any CPU.ActiveCfg = Release|Any CPU
		{6596FB5F-6AF4-46A8-927C-A42ED995EA68}.Release|Any CPU.Build.0 = Release|Any CPU
		{A2A5A6AE-D8F9-4ECC-83E1-88C23EED983A}.Debug|Any CPU.ActiveCfg = Debug|Any CPU
		{A2A5A6AE-D8F9-4ECC-83E1-88C23EED983A}.Debug|Any CPU.Build.0 = Debug|Any CPU
		{A2A5A6AE-D8F9-4ECC-83E1-88C23EED983A}.Release|Any CPU.ActiveCfg = Release|Any CPU
		{A2A5A6AE-D8F9-4ECC-83E1-88C23EED983A}.Release|Any CPU.Build.0 = Release|Any CPU
		{9020FEF9-76A5-4A97-A161-A8D16886DFB8}.Debug|Any CPU.ActiveCfg = Debug|Any CPU
		{9020FEF9-76A5-4A97-A161-A8D16886DFB8}.Debug|Any CPU.Build.0 = Debug|Any CPU
		{9020FEF9-76A5-4A97-A161-A8D16886DFB8}.Release|Any CPU.ActiveCfg = Release|Any CPU
		{9020FEF9-76A5-4A97-A161-A8D16886DFB8}.Release|Any CPU.Build.0 = Release|Any CPU
		{AF25DD1C-83D0-43AE-8641-9B204AFC94BD}.Debug|Any CPU.ActiveCfg = Debug|Any CPU
		{AF25DD1C-83D0-43AE-8641-9B204AFC94BD}.Debug|Any CPU.Build.0 = Debug|Any CPU
		{AF25DD1C-83D0-43AE-8641-9B204AFC94BD}.Release|Any CPU.ActiveCfg = Release|Any CPU
		{AF25DD1C-83D0-43AE-8641-9B204AFC94BD}.Release|Any CPU.Build.0 = Release|Any CPU
		{6B73E3B7-211E-44A6-9C4B-EB2D3E86BFCE}.Debug|Any CPU.ActiveCfg = Debug|Any CPU
		{6B73E3B7-211E-44A6-9C4B-EB2D3E86BFCE}.Debug|Any CPU.Build.0 = Debug|Any CPU
		{6B73E3B7-211E-44A6-9C4B-EB2D3E86BFCE}.Release|Any CPU.ActiveCfg = Release|Any CPU
		{6B73E3B7-211E-44A6-9C4B-EB2D3E86BFCE}.Release|Any CPU.Build.0 = Release|Any CPU
	EndGlobalSection
	GlobalSection(SolutionProperties) = preSolution
		HideSolutionNode = FALSE
	EndGlobalSection
	GlobalSection(ExtensibilityGlobals) = postSolution
		SolutionGuid = {17A9B7A1-C483-4F51-B9A6-CA443AB6B98E}
	EndGlobalSection
EndGlobal
