
Microsoft Visual Studio Solution File, Format Version 12.00
# Visual Studio Version 16
VisualStudioVersion = 16.0.30002.166
MinimumVisualStudioVersion = 10.0.40219.1
Project("{FAE04EC0-301F-11D3-BF4B-00C04F79EFBC}") = "Guild", "Guild\Guild.csproj", "{AC9F295B-FC4B-4263-A2C2-29E27FF37FD9}"
EndProject
Global
	GlobalSection(SolutionConfigurationPlatforms) = preSolution
		Debug|Any CPU = Debug|Any CPU
		Release|Any CPU = Release|Any CPU
	EndGlobalSection
	GlobalSection(ProjectConfigurationPlatforms) = postSolution
		{AC9F295B-FC4B-4263-A2C2-29E27FF37FD9}.Debug|Any CPU.ActiveCfg = Debug|Any CPU
		{AC9F295B-FC4B-4263-A2C2-29E27FF37FD9}.Debug|Any CPU.Build.0 = Debug|Any CPU
		{AC9F295B-FC4B-4263-A2C2-29E27FF37FD9}.Release|Any CPU.ActiveCfg = Release|Any CPU
		{AC9F295B-FC4B-4263-A2C2-29E27FF37FD9}.Release|Any CPU.Build.0 = Release|Any CPU
	EndGlobalSection
	GlobalSection(SolutionProperties) = preSolution
		HideSolutionNode = FALSE
	EndGlobalSection
	GlobalSection(ExtensibilityGlobals) = postSolution
		SolutionGuid = {A01811C0-4080-4A3B-8ABF-98D02B94A155}
	EndGlobalSection
EndGlobal
