
Microsoft Visual Studio Solution File, Format Version 12.00
# Visual Studio Version 16
VisualStudioVersion = 16.0.30002.166
MinimumVisualStudioVersion = 10.0.40219.1
Project("{9A19103F-16F7-4668-BE54-9A1E7A4F7556}") = "Guild", "Guild\Guild.csproj", "{AC9F295B-FC4B-4263-A2C2-29E27FF37FD9}"
EndProject
Project("{FAE04EC0-301F-11D3-BF4B-00C04F79EFBC}") = "P01.LootBox", "P01.LootBox\P01.LootBox.csproj", "{4189550F-1BC5-4AB3-A418-1B4E483B8477}"
EndProject
Project("{FAE04EC0-301F-11D3-BF4B-00C04F79EFBC}") = "P02.ReVolt", "P02.ReVolt\P02.ReVolt.csproj", "{4A18CA39-40A1-4A37-8EE8-975613DCD06D}"
EndProject
Project("{FAE04EC0-301F-11D3-BF4B-00C04F79EFBC}") = "ReVoltSecond2", "ReVoltSecond2\ReVoltSecond2.csproj", "{9F177C91-98A4-4749-A018-9CC339B31D35}"
EndProject
Global
	GlobalSection(SolutionConfigurationPlatforms) = preSolution
		Debug|Any CPU = Debug|Any CPU
		Release|Any CPU = Release|Any CPU
	EndGlobalSection
	GlobalSection(ProjectConfigurationPlatforms) = postSolution
		{AC9F295B-FC4B-4263-A2C2-29E27FF37FD9}.Debug|Any CPU.ActiveCfg = Debug|Any CPU
		{AC9F295B-FC4B-4263-A2C2-29E27FF37FD9}.Debug|Any CPU.Build.0 = Debug|Any CPU
		{AC9F295B-FC4B-4263-A2C2-29E27FF37FD9}.Release|Any CPU.ActiveCfg = Release|Any CPU
		{AC9F295B-FC4B-4263-A2C2-29E27FF37FD9}.Release|Any CPU.Build.0 = Release|Any CPU
		{4189550F-1BC5-4AB3-A418-1B4E483B8477}.Debug|Any CPU.ActiveCfg = Debug|Any CPU
		{4189550F-1BC5-4AB3-A418-1B4E483B8477}.Debug|Any CPU.Build.0 = Debug|Any CPU
		{4189550F-1BC5-4AB3-A418-1B4E483B8477}.Release|Any CPU.ActiveCfg = Release|Any CPU
		{4189550F-1BC5-4AB3-A418-1B4E483B8477}.Release|Any CPU.Build.0 = Release|Any CPU
		{4A18CA39-40A1-4A37-8EE8-975613DCD06D}.Debug|Any CPU.ActiveCfg = Debug|Any CPU
		{4A18CA39-40A1-4A37-8EE8-975613DCD06D}.Debug|Any CPU.Build.0 = Debug|Any CPU
		{4A18CA39-40A1-4A37-8EE8-975613DCD06D}.Release|Any CPU.ActiveCfg = Release|Any CPU
		{4A18CA39-40A1-4A37-8EE8-975613DCD06D}.Release|Any CPU.Build.0 = Release|Any CPU
		{9F177C91-98A4-4749-A018-9CC339B31D35}.Debug|Any CPU.ActiveCfg = Debug|Any CPU
		{9F177C91-98A4-4749-A018-9CC339B31D35}.Debug|Any CPU.Build.0 = Debug|Any CPU
		{9F177C91-98A4-4749-A018-9CC339B31D35}.Release|Any CPU.ActiveCfg = Release|Any CPU
		{9F177C91-98A4-4749-A018-9CC339B31D35}.Release|Any CPU.Build.0 = Release|Any CPU
	EndGlobalSection
	GlobalSection(SolutionProperties) = preSolution
		HideSolutionNode = FALSE
	EndGlobalSection
	GlobalSection(ExtensibilityGlobals) = postSolution
		SolutionGuid = {A01811C0-4080-4A3B-8ABF-98D02B94A155}
	EndGlobalSection
EndGlobal
