
Microsoft Visual Studio Solution File, Format Version 12.00
# Visual Studio Version 16
VisualStudioVersion = 16.0.30002.166
MinimumVisualStudioVersion = 10.0.40219.1
Project("{9A19103F-16F7-4668-BE54-9A1E7A4F7556}") = "P01.ActionPrint", "P01.ActionPrint\P01.ActionPrint.csproj", "{0C465CD2-F8E3-46D2-9478-C4FC68B42A48}"
EndProject
Project("{9A19103F-16F7-4668-BE54-9A1E7A4F7556}") = "P02.KnightsOfHonor", "P02.KnightsOfHonor\P02.KnightsOfHonor.csproj", "{DDC496FB-4411-4DD9-83D1-E485F3477F50}"
EndProject
Project("{9A19103F-16F7-4668-BE54-9A1E7A4F7556}") = "P03.CustomMinFunction", "P03.CustomMinFunction\P03.CustomMinFunction.csproj", "{D6D11007-FDF5-4FDC-A0E5-B689EAF1B729}"
EndProject
Project("{9A19103F-16F7-4668-BE54-9A1E7A4F7556}") = "P04.FindEvensOrOdds", "P04.FindEvensOrOdds\P04.FindEvensOrOdds.csproj", "{78DA41B7-ACAB-4697-BB4B-37ADDA0CA993}"
EndProject
Project("{9A19103F-16F7-4668-BE54-9A1E7A4F7556}") = "P05.AppliedArithmetics", "P05.AppliedArithmetics\P05.AppliedArithmetics.csproj", "{4195E3FB-8B26-4E43-8EBE-93B314F04EE5}"
EndProject
Project("{9A19103F-16F7-4668-BE54-9A1E7A4F7556}") = "P06.ReverseAndExclude", "P06.ReverseAndExclude\P06.ReverseAndExclude.csproj", "{4EFF6CD5-B197-41A7-993D-63EE63769C6F}"
EndProject
Project("{9A19103F-16F7-4668-BE54-9A1E7A4F7556}") = "P07.PredicateForNames", "P07.PredicateForNames\P07.PredicateForNames.csproj", "{F83E7714-5AEF-494D-889E-7D3367C93E8E}"
EndProject
Project("{9A19103F-16F7-4668-BE54-9A1E7A4F7556}") = "P08.CustomComparator", "P08.CustomComparator\P08.CustomComparator.csproj", "{217F1187-19D3-43DB-9360-79410F08D8C3}"
EndProject
Project("{9A19103F-16F7-4668-BE54-9A1E7A4F7556}") = "P09.ListOfPredicates", "P09.ListOfPredicates\P09.ListOfPredicates.csproj", "{18C5A451-CE4A-403B-B0E6-D00053B30E82}"
EndProject
Project("{9A19103F-16F7-4668-BE54-9A1E7A4F7556}") = "P10.PredicateParty", "P10.PredicateParty\P10.PredicateParty.csproj", "{0526C599-4534-44DA-9D4B-3865332D8C2E}"
EndProject
Project("{9A19103F-16F7-4668-BE54-9A1E7A4F7556}") = "P09.ListOfpredicates2", "P09.ListOfpredicates2\P09.ListOfpredicates2.csproj", "{016CC81D-46A5-4F2B-AEF8-C276E01D5CFE}"
EndProject
Project("{9A19103F-16F7-4668-BE54-9A1E7A4F7556}") = "ActionPointWtihStream", "ActionPointWtihStream\ActionPointWtihStream.csproj", "{FC110653-3A95-472F-91E2-48843F2956FC}"
EndProject
Project("{9A19103F-16F7-4668-BE54-9A1E7A4F7556}") = "CustomMinFunctionReadedFromStream", "CustomMinFunctionReadedFromStream\CustomMinFunctionReadedFromStream.csproj", "{5A1EF3F8-9BF1-4914-9E06-125C553C3223}"
EndProject
Project("{9A19103F-16F7-4668-BE54-9A1E7A4F7556}") = "AppliedArithmetics", "AppliedArithmetics\AppliedArithmetics.csproj", "{C8CC53D0-B94B-4568-86FC-DE3803C79520}"
EndProject
Project("{9A19103F-16F7-4668-BE54-9A1E7A4F7556}") = "ReverseAndExclude", "ReverseAndExclude\ReverseAndExclude.csproj", "{F7510B0B-250F-43A0-8943-039221B29EFF}"
EndProject
Project("{9A19103F-16F7-4668-BE54-9A1E7A4F7556}") = "ListOfPredicates", "ListOfPredicates\ListOfPredicates.csproj", "{B3400B73-D975-4B15-80C1-41ADCE4B6D80}"
EndProject
Project("{FAE04EC0-301F-11D3-BF4B-00C04F79EFBC}") = "PredicateParty", "PredicateParty\PredicateParty.csproj", "{D946EC37-4220-4593-A942-97E9AF035C9A}"
EndProject
Project("{FAE04EC0-301F-11D3-BF4B-00C04F79EFBC}") = "ThePartyReservationFilterModule", "ThePartyReservationFilterModule\ThePartyReservationFilterModule.csproj", "{AA1683D1-2B9D-4FF3-B3FF-8F6248EF8003}"
EndProject
Project("{FAE04EC0-301F-11D3-BF4B-00C04F79EFBC}") = "TriFunction", "TriFunction\TriFunction.csproj", "{05DC4E2B-0C82-42B6-A2D0-C39BB0A76533}"
EndProject
Project("{FAE04EC0-301F-11D3-BF4B-00C04F79EFBC}") = "CustomComparator", "CustomComparator\CustomComparator.csproj", "{59A6984D-07F6-4D13-936B-AA0CE798273D}"
EndProject
Global
	GlobalSection(SolutionConfigurationPlatforms) = preSolution
		Debug|Any CPU = Debug|Any CPU
		Release|Any CPU = Release|Any CPU
	EndGlobalSection
	GlobalSection(ProjectConfigurationPlatforms) = postSolution
		{0C465CD2-F8E3-46D2-9478-C4FC68B42A48}.Debug|Any CPU.ActiveCfg = Debug|Any CPU
		{0C465CD2-F8E3-46D2-9478-C4FC68B42A48}.Debug|Any CPU.Build.0 = Debug|Any CPU
		{0C465CD2-F8E3-46D2-9478-C4FC68B42A48}.Release|Any CPU.ActiveCfg = Release|Any CPU
		{0C465CD2-F8E3-46D2-9478-C4FC68B42A48}.Release|Any CPU.Build.0 = Release|Any CPU
		{DDC496FB-4411-4DD9-83D1-E485F3477F50}.Debug|Any CPU.ActiveCfg = Debug|Any CPU
		{DDC496FB-4411-4DD9-83D1-E485F3477F50}.Debug|Any CPU.Build.0 = Debug|Any CPU
		{DDC496FB-4411-4DD9-83D1-E485F3477F50}.Release|Any CPU.ActiveCfg = Release|Any CPU
		{DDC496FB-4411-4DD9-83D1-E485F3477F50}.Release|Any CPU.Build.0 = Release|Any CPU
		{D6D11007-FDF5-4FDC-A0E5-B689EAF1B729}.Debug|Any CPU.ActiveCfg = Debug|Any CPU
		{D6D11007-FDF5-4FDC-A0E5-B689EAF1B729}.Debug|Any CPU.Build.0 = Debug|Any CPU
		{D6D11007-FDF5-4FDC-A0E5-B689EAF1B729}.Release|Any CPU.ActiveCfg = Release|Any CPU
		{D6D11007-FDF5-4FDC-A0E5-B689EAF1B729}.Release|Any CPU.Build.0 = Release|Any CPU
		{78DA41B7-ACAB-4697-BB4B-37ADDA0CA993}.Debug|Any CPU.ActiveCfg = Debug|Any CPU
		{78DA41B7-ACAB-4697-BB4B-37ADDA0CA993}.Debug|Any CPU.Build.0 = Debug|Any CPU
		{78DA41B7-ACAB-4697-BB4B-37ADDA0CA993}.Release|Any CPU.ActiveCfg = Release|Any CPU
		{78DA41B7-ACAB-4697-BB4B-37ADDA0CA993}.Release|Any CPU.Build.0 = Release|Any CPU
		{4195E3FB-8B26-4E43-8EBE-93B314F04EE5}.Debug|Any CPU.ActiveCfg = Debug|Any CPU
		{4195E3FB-8B26-4E43-8EBE-93B314F04EE5}.Debug|Any CPU.Build.0 = Debug|Any CPU
		{4195E3FB-8B26-4E43-8EBE-93B314F04EE5}.Release|Any CPU.ActiveCfg = Release|Any CPU
		{4195E3FB-8B26-4E43-8EBE-93B314F04EE5}.Release|Any CPU.Build.0 = Release|Any CPU
		{4EFF6CD5-B197-41A7-993D-63EE63769C6F}.Debug|Any CPU.ActiveCfg = Debug|Any CPU
		{4EFF6CD5-B197-41A7-993D-63EE63769C6F}.Debug|Any CPU.Build.0 = Debug|Any CPU
		{4EFF6CD5-B197-41A7-993D-63EE63769C6F}.Release|Any CPU.ActiveCfg = Release|Any CPU
		{4EFF6CD5-B197-41A7-993D-63EE63769C6F}.Release|Any CPU.Build.0 = Release|Any CPU
		{F83E7714-5AEF-494D-889E-7D3367C93E8E}.Debug|Any CPU.ActiveCfg = Debug|Any CPU
		{F83E7714-5AEF-494D-889E-7D3367C93E8E}.Debug|Any CPU.Build.0 = Debug|Any CPU
		{F83E7714-5AEF-494D-889E-7D3367C93E8E}.Release|Any CPU.ActiveCfg = Release|Any CPU
		{F83E7714-5AEF-494D-889E-7D3367C93E8E}.Release|Any CPU.Build.0 = Release|Any CPU
		{217F1187-19D3-43DB-9360-79410F08D8C3}.Debug|Any CPU.ActiveCfg = Debug|Any CPU
		{217F1187-19D3-43DB-9360-79410F08D8C3}.Debug|Any CPU.Build.0 = Debug|Any CPU
		{217F1187-19D3-43DB-9360-79410F08D8C3}.Release|Any CPU.ActiveCfg = Release|Any CPU
		{217F1187-19D3-43DB-9360-79410F08D8C3}.Release|Any CPU.Build.0 = Release|Any CPU
		{18C5A451-CE4A-403B-B0E6-D00053B30E82}.Debug|Any CPU.ActiveCfg = Debug|Any CPU
		{18C5A451-CE4A-403B-B0E6-D00053B30E82}.Debug|Any CPU.Build.0 = Debug|Any CPU
		{18C5A451-CE4A-403B-B0E6-D00053B30E82}.Release|Any CPU.ActiveCfg = Release|Any CPU
		{18C5A451-CE4A-403B-B0E6-D00053B30E82}.Release|Any CPU.Build.0 = Release|Any CPU
		{0526C599-4534-44DA-9D4B-3865332D8C2E}.Debug|Any CPU.ActiveCfg = Debug|Any CPU
		{0526C599-4534-44DA-9D4B-3865332D8C2E}.Debug|Any CPU.Build.0 = Debug|Any CPU
		{0526C599-4534-44DA-9D4B-3865332D8C2E}.Release|Any CPU.ActiveCfg = Release|Any CPU
		{0526C599-4534-44DA-9D4B-3865332D8C2E}.Release|Any CPU.Build.0 = Release|Any CPU
		{016CC81D-46A5-4F2B-AEF8-C276E01D5CFE}.Debug|Any CPU.ActiveCfg = Debug|Any CPU
		{016CC81D-46A5-4F2B-AEF8-C276E01D5CFE}.Debug|Any CPU.Build.0 = Debug|Any CPU
		{016CC81D-46A5-4F2B-AEF8-C276E01D5CFE}.Release|Any CPU.ActiveCfg = Release|Any CPU
		{016CC81D-46A5-4F2B-AEF8-C276E01D5CFE}.Release|Any CPU.Build.0 = Release|Any CPU
		{FC110653-3A95-472F-91E2-48843F2956FC}.Debug|Any CPU.ActiveCfg = Debug|Any CPU
		{FC110653-3A95-472F-91E2-48843F2956FC}.Debug|Any CPU.Build.0 = Debug|Any CPU
		{FC110653-3A95-472F-91E2-48843F2956FC}.Release|Any CPU.ActiveCfg = Release|Any CPU
		{FC110653-3A95-472F-91E2-48843F2956FC}.Release|Any CPU.Build.0 = Release|Any CPU
		{5A1EF3F8-9BF1-4914-9E06-125C553C3223}.Debug|Any CPU.ActiveCfg = Debug|Any CPU
		{5A1EF3F8-9BF1-4914-9E06-125C553C3223}.Debug|Any CPU.Build.0 = Debug|Any CPU
		{5A1EF3F8-9BF1-4914-9E06-125C553C3223}.Release|Any CPU.ActiveCfg = Release|Any CPU
		{5A1EF3F8-9BF1-4914-9E06-125C553C3223}.Release|Any CPU.Build.0 = Release|Any CPU
		{C8CC53D0-B94B-4568-86FC-DE3803C79520}.Debug|Any CPU.ActiveCfg = Debug|Any CPU
		{C8CC53D0-B94B-4568-86FC-DE3803C79520}.Debug|Any CPU.Build.0 = Debug|Any CPU
		{C8CC53D0-B94B-4568-86FC-DE3803C79520}.Release|Any CPU.ActiveCfg = Release|Any CPU
		{C8CC53D0-B94B-4568-86FC-DE3803C79520}.Release|Any CPU.Build.0 = Release|Any CPU
		{F7510B0B-250F-43A0-8943-039221B29EFF}.Debug|Any CPU.ActiveCfg = Debug|Any CPU
		{F7510B0B-250F-43A0-8943-039221B29EFF}.Debug|Any CPU.Build.0 = Debug|Any CPU
		{F7510B0B-250F-43A0-8943-039221B29EFF}.Release|Any CPU.ActiveCfg = Release|Any CPU
		{F7510B0B-250F-43A0-8943-039221B29EFF}.Release|Any CPU.Build.0 = Release|Any CPU
		{B3400B73-D975-4B15-80C1-41ADCE4B6D80}.Debug|Any CPU.ActiveCfg = Debug|Any CPU
		{B3400B73-D975-4B15-80C1-41ADCE4B6D80}.Debug|Any CPU.Build.0 = Debug|Any CPU
		{B3400B73-D975-4B15-80C1-41ADCE4B6D80}.Release|Any CPU.ActiveCfg = Release|Any CPU
		{B3400B73-D975-4B15-80C1-41ADCE4B6D80}.Release|Any CPU.Build.0 = Release|Any CPU
		{D946EC37-4220-4593-A942-97E9AF035C9A}.Debug|Any CPU.ActiveCfg = Debug|Any CPU
		{D946EC37-4220-4593-A942-97E9AF035C9A}.Debug|Any CPU.Build.0 = Debug|Any CPU
		{D946EC37-4220-4593-A942-97E9AF035C9A}.Release|Any CPU.ActiveCfg = Release|Any CPU
		{D946EC37-4220-4593-A942-97E9AF035C9A}.Release|Any CPU.Build.0 = Release|Any CPU
		{AA1683D1-2B9D-4FF3-B3FF-8F6248EF8003}.Debug|Any CPU.ActiveCfg = Debug|Any CPU
		{AA1683D1-2B9D-4FF3-B3FF-8F6248EF8003}.Debug|Any CPU.Build.0 = Debug|Any CPU
		{AA1683D1-2B9D-4FF3-B3FF-8F6248EF8003}.Release|Any CPU.ActiveCfg = Release|Any CPU
		{AA1683D1-2B9D-4FF3-B3FF-8F6248EF8003}.Release|Any CPU.Build.0 = Release|Any CPU
		{05DC4E2B-0C82-42B6-A2D0-C39BB0A76533}.Debug|Any CPU.ActiveCfg = Debug|Any CPU
		{05DC4E2B-0C82-42B6-A2D0-C39BB0A76533}.Debug|Any CPU.Build.0 = Debug|Any CPU
		{05DC4E2B-0C82-42B6-A2D0-C39BB0A76533}.Release|Any CPU.ActiveCfg = Release|Any CPU
		{05DC4E2B-0C82-42B6-A2D0-C39BB0A76533}.Release|Any CPU.Build.0 = Release|Any CPU
		{59A6984D-07F6-4D13-936B-AA0CE798273D}.Debug|Any CPU.ActiveCfg = Debug|Any CPU
		{59A6984D-07F6-4D13-936B-AA0CE798273D}.Debug|Any CPU.Build.0 = Debug|Any CPU
		{59A6984D-07F6-4D13-936B-AA0CE798273D}.Release|Any CPU.ActiveCfg = Release|Any CPU
		{59A6984D-07F6-4D13-936B-AA0CE798273D}.Release|Any CPU.Build.0 = Release|Any CPU
	EndGlobalSection
	GlobalSection(SolutionProperties) = preSolution
		HideSolutionNode = FALSE
	EndGlobalSection
	GlobalSection(ExtensibilityGlobals) = postSolution
		SolutionGuid = {DF91423B-FF61-43E2-A25F-40A8D3C33E49}
	EndGlobalSection
EndGlobal
